// !$*UTF8*$!
{
	archiveVersion = 1;
	classes = {
	};
	objectVersion = 46;
	objects = {

/* Begin PBXBuildFile section */
		209EB822F3F9D58351EE5BED /* libPods.a in Frameworks */ = {isa = PBXBuildFile; fileRef = BB8EB640736125C85162C8E0 /* libPods.a */; };
		C50FD31A1CEA3CA3004E493B /* Camera.swift in Sources */ = {isa = PBXBuildFile; fileRef = C50FD3191CEA3CA3004E493B /* Camera.swift */; };
		C50FD31C1CEA5424004E493B /* mapVC.swift in Sources */ = {isa = PBXBuildFile; fileRef = C50FD31B1CEA5424004E493B /* mapVC.swift */; };
		C50FD31E1CEA6768004E493B /* SettingsTableVC.swift in Sources */ = {isa = PBXBuildFile; fileRef = C50FD31D1CEA6768004E493B /* SettingsTableVC.swift */; };
		C5D771631CE2B42C00DB849B /* AppDelegate.swift in Sources */ = {isa = PBXBuildFile; fileRef = C5D771621CE2B42C00DB849B /* AppDelegate.swift */; };
		C5D771681CE2B42C00DB849B /* Main.storyboard in Resources */ = {isa = PBXBuildFile; fileRef = C5D771661CE2B42C00DB849B /* Main.storyboard */; };
		C5D7716B1CE2B42C00DB849B /* myClientele.xcdatamodeld in Sources */ = {isa = PBXBuildFile; fileRef = C5D771691CE2B42C00DB849B /* myClientele.xcdatamodeld */; };
		C5D7716D1CE2B42C00DB849B /* Assets.xcassets in Resources */ = {isa = PBXBuildFile; fileRef = C5D7716C1CE2B42C00DB849B /* Assets.xcassets */; };
		C5D771701CE2B42C00DB849B /* LaunchScreen.storyboard in Resources */ = {isa = PBXBuildFile; fileRef = C5D7716E1CE2B42C00DB849B /* LaunchScreen.storyboard */; };
		C5D7717B1CE2B42C00DB849B /* myClienteleTests.swift in Sources */ = {isa = PBXBuildFile; fileRef = C5D7717A1CE2B42C00DB849B /* myClienteleTests.swift */; };
		C5D771861CE2B42C00DB849B /* myClienteleUITests.swift in Sources */ = {isa = PBXBuildFile; fileRef = C5D771851CE2B42C00DB849B /* myClienteleUITests.swift */; };
		C5D771941CE2BA3700DB849B /* SystemConfiguration.framework in Frameworks */ = {isa = PBXBuildFile; fileRef = C5D771931CE2BA3700DB849B /* SystemConfiguration.framework */; };
		C5D771961CE2BA4E00DB849B /* libsqlite3.tbd in Frameworks */ = {isa = PBXBuildFile; fileRef = C5D771951CE2BA4E00DB849B /* libsqlite3.tbd */; };
		C5D771981CE2BA5B00DB849B /* libz.tbd in Frameworks */ = {isa = PBXBuildFile; fileRef = C5D771971CE2BA5B00DB849B /* libz.tbd */; };
		C5D7734B1CE2CC3100DB849B /* welcomeVC.swift in Sources */ = {isa = PBXBuildFile; fileRef = C5D7734A1CE2CC3100DB849B /* welcomeVC.swift */; };
		C5D7734D1CE2DF6700DB849B /* registerVC.swift in Sources */ = {isa = PBXBuildFile; fileRef = C5D7734C1CE2DF6700DB849B /* registerVC.swift */; };
		C5D7734F1CE2DF7B00DB849B /* loginVC.swift in Sources */ = {isa = PBXBuildFile; fileRef = C5D7734E1CE2DF7B00DB849B /* loginVC.swift */; };
		C5D773541CE2F71300DB849B /* ProgressHUD.bundle in Resources */ = {isa = PBXBuildFile; fileRef = C5D773511CE2F71300DB849B /* ProgressHUD.bundle */; };
		C5D773551CE2F71300DB849B /* ProgressHUD.m in Sources */ = {isa = PBXBuildFile; fileRef = C5D773531CE2F71300DB849B /* ProgressHUD.m */; };
		C5D773571CE3AAC900DB849B /* recentCell.swift in Sources */ = {isa = PBXBuildFile; fileRef = C5D773561CE3AAC900DB849B /* recentCell.swift */; };
		C5D773591CE3AD1800DB849B /* recentVC.swift in Sources */ = {isa = PBXBuildFile; fileRef = C5D773581CE3AD1800DB849B /* recentVC.swift */; };
		C5D7735E1CE3B93C00DB849B /* recent.swift in Sources */ = {isa = PBXBuildFile; fileRef = C5D7735D1CE3B93C00DB849B /* recent.swift */; };
		C5D773621CE3D5B900DB849B /* chooseUserVC.swift in Sources */ = {isa = PBXBuildFile; fileRef = C5D773611CE3D5B900DB849B /* chooseUserVC.swift */; };
		C5D773661CE3FC2100DB849B /* ChatViewController.swift in Sources */ = {isa = PBXBuildFile; fileRef = C5D773651CE3FC2100DB849B /* ChatViewController.swift */; };
		C5D773681CE68DA400DB849B /* OutgoingMessage.swift in Sources */ = {isa = PBXBuildFile; fileRef = C5D773671CE68DA400DB849B /* OutgoingMessage.swift */; };
		C5D7736A1CE7F50400DB849B /* IncomingMessage.swift in Sources */ = {isa = PBXBuildFile; fileRef = C5D773691CE7F50400DB849B /* IncomingMessage.swift */; };
		C5EF69FB1CFACEB400952A62 /* RegisterUser.swift in Sources */ = {isa = PBXBuildFile; fileRef = C5EF69FA1CFACEB400952A62 /* RegisterUser.swift */; };
		C5EF69FD1CFB606700952A62 /* PushNotification.swift in Sources */ = {isa = PBXBuildFile; fileRef = C5EF69FC1CFB606700952A62 /* PushNotification.swift */; };
		C5EF6A011CFB76EF00952A62 /* GoogleService-Info.plist in Resources */ = {isa = PBXBuildFile; fileRef = C5EF6A001CFB76EF00952A62 /* GoogleService-Info.plist */; };
		C5F0F1751CF7A6BF003FC8DD /* Avatar.swift in Sources */ = {isa = PBXBuildFile; fileRef = C5F0F1741CF7A6BF003FC8DD /* Avatar.swift */; };
		C5F0F2451CFA15FB003FC8DD /* backendless.a in Frameworks */ = {isa = PBXBuildFile; fileRef = C5F0F1781CFA15FB003FC8DD /* backendless.a */; };
		C5F0F2461CFA15FB003FC8DD /* CommLibiOS.a in Frameworks */ = {isa = PBXBuildFile; fileRef = C5F0F1BD1CFA15FB003FC8DD /* CommLibiOS.a */; };
		C5F0F2471CFA15FB003FC8DD /* libavcodec.a in Frameworks */ = {isa = PBXBuildFile; fileRef = C5F0F2221CFA15FB003FC8DD /* libavcodec.a */; };
		C5F0F2481CFA15FB003FC8DD /* libavdevice.a in Frameworks */ = {isa = PBXBuildFile; fileRef = C5F0F2231CFA15FB003FC8DD /* libavdevice.a */; };
		C5F0F2491CFA15FB003FC8DD /* libavfilter.a in Frameworks */ = {isa = PBXBuildFile; fileRef = C5F0F2241CFA15FB003FC8DD /* libavfilter.a */; };
		C5F0F24A1CFA15FB003FC8DD /* libavformat.a in Frameworks */ = {isa = PBXBuildFile; fileRef = C5F0F2251CFA15FB003FC8DD /* libavformat.a */; };
		C5F0F24B1CFA15FB003FC8DD /* libavutil.a in Frameworks */ = {isa = PBXBuildFile; fileRef = C5F0F2261CFA15FB003FC8DD /* libavutil.a */; };
		C5F0F24C1CFA15FB003FC8DD /* libswscale.a in Frameworks */ = {isa = PBXBuildFile; fileRef = C5F0F2271CFA15FB003FC8DD /* libswscale.a */; };
		C5F0F24D1CFA15FB003FC8DD /* MediaLibiOS.a in Frameworks */ = {isa = PBXBuildFile; fileRef = C5F0F2311CFA15FB003FC8DD /* MediaLibiOS.a */; };
		C5F0F24E1CFA15FB003FC8DD /* libspeex.a in Frameworks */ = {isa = PBXBuildFile; fileRef = C5F0F23B1CFA15FB003FC8DD /* libspeex.a */; };
		C5F0F24F1CFA15FB003FC8DD /* libx264.a in Frameworks */ = {isa = PBXBuildFile; fileRef = C5F0F2411CFA15FB003FC8DD /* libx264.a */; };
/* End PBXBuildFile section */

/* Begin PBXContainerItemProxy section */
		C5D771771CE2B42C00DB849B /* PBXContainerItemProxy */ = {
			isa = PBXContainerItemProxy;
			containerPortal = C5D771571CE2B42C00DB849B /* Project object */;
			proxyType = 1;
			remoteGlobalIDString = C5D7715E1CE2B42C00DB849B;
			remoteInfo = myClientele;
		};
		C5D771821CE2B42C00DB849B /* PBXContainerItemProxy */ = {
			isa = PBXContainerItemProxy;
			containerPortal = C5D771571CE2B42C00DB849B /* Project object */;
			proxyType = 1;
			remoteGlobalIDString = C5D7715E1CE2B42C00DB849B;
			remoteInfo = myClientele;
		};
/* End PBXContainerItemProxy section */

/* Begin PBXFileReference section */
		BB8EB640736125C85162C8E0 /* libPods.a */ = {isa = PBXFileReference; explicitFileType = archive.ar; includeInIndex = 0; path = libPods.a; sourceTree = BUILT_PRODUCTS_DIR; };
		C50FD3191CEA3CA3004E493B /* Camera.swift */ = {isa = PBXFileReference; fileEncoding = 4; lastKnownFileType = sourcecode.swift; path = Camera.swift; sourceTree = "<group>"; };
		C50FD31B1CEA5424004E493B /* mapVC.swift */ = {isa = PBXFileReference; fileEncoding = 4; lastKnownFileType = sourcecode.swift; path = mapVC.swift; sourceTree = "<group>"; };
		C50FD31D1CEA6768004E493B /* SettingsTableVC.swift */ = {isa = PBXFileReference; fileEncoding = 4; lastKnownFileType = sourcecode.swift; path = SettingsTableVC.swift; sourceTree = "<group>"; };
		C5D7715F1CE2B42C00DB849B /* myClientele.app */ = {isa = PBXFileReference; explicitFileType = wrapper.application; includeInIndex = 0; path = myClientele.app; sourceTree = BUILT_PRODUCTS_DIR; };
		C5D771621CE2B42C00DB849B /* AppDelegate.swift */ = {isa = PBXFileReference; lastKnownFileType = sourcecode.swift; path = AppDelegate.swift; sourceTree = "<group>"; };
		C5D771671CE2B42C00DB849B /* Base */ = {isa = PBXFileReference; lastKnownFileType = file.storyboard; name = Base; path = Base.lproj/Main.storyboard; sourceTree = "<group>"; };
		C5D7716A1CE2B42C00DB849B /* myClientele.xcdatamodel */ = {isa = PBXFileReference; lastKnownFileType = wrapper.xcdatamodel; path = myClientele.xcdatamodel; sourceTree = "<group>"; };
		C5D7716C1CE2B42C00DB849B /* Assets.xcassets */ = {isa = PBXFileReference; lastKnownFileType = folder.assetcatalog; path = Assets.xcassets; sourceTree = "<group>"; };
		C5D7716F1CE2B42C00DB849B /* Base */ = {isa = PBXFileReference; lastKnownFileType = file.storyboard; name = Base; path = Base.lproj/LaunchScreen.storyboard; sourceTree = "<group>"; };
		C5D771711CE2B42C00DB849B /* Info.plist */ = {isa = PBXFileReference; lastKnownFileType = text.plist.xml; path = Info.plist; sourceTree = "<group>"; };
		C5D771761CE2B42C00DB849B /* myClienteleTests.xctest */ = {isa = PBXFileReference; explicitFileType = wrapper.cfbundle; includeInIndex = 0; path = myClienteleTests.xctest; sourceTree = BUILT_PRODUCTS_DIR; };
		C5D7717A1CE2B42C00DB849B /* myClienteleTests.swift */ = {isa = PBXFileReference; lastKnownFileType = sourcecode.swift; path = myClienteleTests.swift; sourceTree = "<group>"; };
		C5D7717C1CE2B42C00DB849B /* Info.plist */ = {isa = PBXFileReference; lastKnownFileType = text.plist.xml; path = Info.plist; sourceTree = "<group>"; };
		C5D771811CE2B42C00DB849B /* myClienteleUITests.xctest */ = {isa = PBXFileReference; explicitFileType = wrapper.cfbundle; includeInIndex = 0; path = myClienteleUITests.xctest; sourceTree = BUILT_PRODUCTS_DIR; };
		C5D771851CE2B42C00DB849B /* myClienteleUITests.swift */ = {isa = PBXFileReference; lastKnownFileType = sourcecode.swift; path = myClienteleUITests.swift; sourceTree = "<group>"; };
		C5D771871CE2B42C00DB849B /* Info.plist */ = {isa = PBXFileReference; lastKnownFileType = text.plist.xml; path = Info.plist; sourceTree = "<group>"; };
		C5D771931CE2BA3700DB849B /* SystemConfiguration.framework */ = {isa = PBXFileReference; lastKnownFileType = wrapper.framework; name = SystemConfiguration.framework; path = System/Library/Frameworks/SystemConfiguration.framework; sourceTree = SDKROOT; };
		C5D771951CE2BA4E00DB849B /* libsqlite3.tbd */ = {isa = PBXFileReference; lastKnownFileType = "sourcecode.text-based-dylib-definition"; name = libsqlite3.tbd; path = usr/lib/libsqlite3.tbd; sourceTree = SDKROOT; };
		C5D771971CE2BA5B00DB849B /* libz.tbd */ = {isa = PBXFileReference; lastKnownFileType = "sourcecode.text-based-dylib-definition"; name = libz.tbd; path = usr/lib/libz.tbd; sourceTree = SDKROOT; };
		C5D7734A1CE2CC3100DB849B /* welcomeVC.swift */ = {isa = PBXFileReference; fileEncoding = 4; lastKnownFileType = sourcecode.swift; path = welcomeVC.swift; sourceTree = "<group>"; };
		C5D7734C1CE2DF6700DB849B /* registerVC.swift */ = {isa = PBXFileReference; fileEncoding = 4; lastKnownFileType = sourcecode.swift; path = registerVC.swift; sourceTree = "<group>"; };
		C5D7734E1CE2DF7B00DB849B /* loginVC.swift */ = {isa = PBXFileReference; fileEncoding = 4; lastKnownFileType = sourcecode.swift; path = loginVC.swift; sourceTree = "<group>"; };
		C5D773511CE2F71300DB849B /* ProgressHUD.bundle */ = {isa = PBXFileReference; lastKnownFileType = "wrapper.plug-in"; path = ProgressHUD.bundle; sourceTree = "<group>"; };
		C5D773521CE2F71300DB849B /* ProgressHUD.h */ = {isa = PBXFileReference; fileEncoding = 4; lastKnownFileType = sourcecode.c.h; path = ProgressHUD.h; sourceTree = "<group>"; };
		C5D773531CE2F71300DB849B /* ProgressHUD.m */ = {isa = PBXFileReference; fileEncoding = 4; lastKnownFileType = sourcecode.c.objc; path = ProgressHUD.m; sourceTree = "<group>"; };
		C5D773561CE3AAC900DB849B /* recentCell.swift */ = {isa = PBXFileReference; fileEncoding = 4; lastKnownFileType = sourcecode.swift; path = recentCell.swift; sourceTree = "<group>"; };
		C5D773581CE3AD1800DB849B /* recentVC.swift */ = {isa = PBXFileReference; fileEncoding = 4; lastKnownFileType = sourcecode.swift; path = recentVC.swift; sourceTree = "<group>"; };
		C5D7735D1CE3B93C00DB849B /* recent.swift */ = {isa = PBXFileReference; fileEncoding = 4; lastKnownFileType = sourcecode.swift; path = recent.swift; sourceTree = "<group>"; };
		C5D773611CE3D5B900DB849B /* chooseUserVC.swift */ = {isa = PBXFileReference; fileEncoding = 4; lastKnownFileType = sourcecode.swift; path = chooseUserVC.swift; sourceTree = "<group>"; };
		C5D773651CE3FC2100DB849B /* ChatViewController.swift */ = {isa = PBXFileReference; fileEncoding = 4; lastKnownFileType = sourcecode.swift; path = ChatViewController.swift; sourceTree = "<group>"; };
		C5D773671CE68DA400DB849B /* OutgoingMessage.swift */ = {isa = PBXFileReference; fileEncoding = 4; lastKnownFileType = sourcecode.swift; path = OutgoingMessage.swift; sourceTree = "<group>"; };
		C5D773691CE7F50400DB849B /* IncomingMessage.swift */ = {isa = PBXFileReference; fileEncoding = 4; lastKnownFileType = sourcecode.swift; path = IncomingMessage.swift; sourceTree = "<group>"; };
		C5EF69FA1CFACEB400952A62 /* RegisterUser.swift */ = {isa = PBXFileReference; fileEncoding = 4; lastKnownFileType = sourcecode.swift; path = RegisterUser.swift; sourceTree = "<group>"; };
		C5EF69FC1CFB606700952A62 /* PushNotification.swift */ = {isa = PBXFileReference; fileEncoding = 4; lastKnownFileType = sourcecode.swift; path = PushNotification.swift; sourceTree = "<group>"; };
		C5EF6A001CFB76EF00952A62 /* GoogleService-Info.plist */ = {isa = PBXFileReference; fileEncoding = 4; lastKnownFileType = text.plist.xml; path = "GoogleService-Info.plist"; sourceTree = "<group>"; };
		C5F0F1741CF7A6BF003FC8DD /* Avatar.swift */ = {isa = PBXFileReference; fileEncoding = 4; lastKnownFileType = sourcecode.swift; path = Avatar.swift; sourceTree = "<group>"; };
		C5F0F1781CFA15FB003FC8DD /* backendless.a */ = {isa = PBXFileReference; lastKnownFileType = archive.ar; path = backendless.a; sourceTree = "<group>"; };
		C5F0F1791CFA15FB003FC8DD /* AbstractProperty.h */ = {isa = PBXFileReference; fileEncoding = 4; lastKnownFileType = sourcecode.c.h; path = AbstractProperty.h; sourceTree = "<group>"; };
		C5F0F17A1CFA15FB003FC8DD /* AbstractQuery.h */ = {isa = PBXFileReference; fileEncoding = 4; lastKnownFileType = sourcecode.c.h; path = AbstractQuery.h; sourceTree = "<group>"; };
		C5F0F17B1CFA15FB003FC8DD /* AtomicCounters.h */ = {isa = PBXFileReference; fileEncoding = 4; lastKnownFileType = sourcecode.c.h; path = AtomicCounters.h; sourceTree = "<group>"; };
		C5F0F17C1CFA15FB003FC8DD /* AtomicCountersFactory.h */ = {isa = PBXFileReference; fileEncoding = 4; lastKnownFileType = sourcecode.c.h; path = AtomicCountersFactory.h; sourceTree = "<group>"; };
		C5F0F17D1CFA15FB003FC8DD /* Backendless-Bridging-Header.h */ = {isa = PBXFileReference; fileEncoding = 4; lastKnownFileType = sourcecode.c.h; path = "Backendless-Bridging-Header.h"; sourceTree = "<group>"; };
		C5F0F17E1CFA15FB003FC8DD /* Backendless-With-Media-Bridging-Header.h */ = {isa = PBXFileReference; fileEncoding = 4; lastKnownFileType = sourcecode.c.h; path = "Backendless-With-Media-Bridging-Header.h"; sourceTree = "<group>"; };
		C5F0F17F1CFA15FB003FC8DD /* Backendless.h */ = {isa = PBXFileReference; fileEncoding = 4; lastKnownFileType = sourcecode.c.h; path = Backendless.h; sourceTree = "<group>"; };
		C5F0F1801CFA15FB003FC8DD /* BackendlessBeacon.h */ = {isa = PBXFileReference; fileEncoding = 4; lastKnownFileType = sourcecode.c.h; path = BackendlessBeacon.h; sourceTree = "<group>"; };
		C5F0F1811CFA15FB003FC8DD /* BackendlessCachePolicy.h */ = {isa = PBXFileReference; fileEncoding = 4; lastKnownFileType = sourcecode.c.h; path = BackendlessCachePolicy.h; sourceTree = "<group>"; };
		C5F0F1821CFA15FB003FC8DD /* BackendlessCacheProtocol.h */ = {isa = PBXFileReference; fileEncoding = 4; lastKnownFileType = sourcecode.c.h; path = BackendlessCacheProtocol.h; sourceTree = "<group>"; };
		C5F0F1831CFA15FB003FC8DD /* BackendlessCollection.h */ = {isa = PBXFileReference; fileEncoding = 4; lastKnownFileType = sourcecode.c.h; path = BackendlessCollection.h; sourceTree = "<group>"; };
		C5F0F1841CFA15FB003FC8DD /* BackendlessDataQuery.h */ = {isa = PBXFileReference; fileEncoding = 4; lastKnownFileType = sourcecode.c.h; path = BackendlessDataQuery.h; sourceTree = "<group>"; };
		C5F0F1851CFA15FB003FC8DD /* BackendlessEntity.h */ = {isa = PBXFileReference; fileEncoding = 4; lastKnownFileType = sourcecode.c.h; path = BackendlessEntity.h; sourceTree = "<group>"; };
		C5F0F1861CFA15FB003FC8DD /* BackendlessFile.h */ = {isa = PBXFileReference; fileEncoding = 4; lastKnownFileType = sourcecode.c.h; path = BackendlessFile.h; sourceTree = "<group>"; };
		C5F0F1871CFA15FB003FC8DD /* BackendlessGeoQuery.h */ = {isa = PBXFileReference; fileEncoding = 4; lastKnownFileType = sourcecode.c.h; path = BackendlessGeoQuery.h; sourceTree = "<group>"; };
		C5F0F1881CFA15FB003FC8DD /* BackendlessSimpleQuery.h */ = {isa = PBXFileReference; fileEncoding = 4; lastKnownFileType = sourcecode.c.h; path = BackendlessSimpleQuery.h; sourceTree = "<group>"; };
		C5F0F1891CFA15FB003FC8DD /* BackendlessUser.h */ = {isa = PBXFileReference; fileEncoding = 4; lastKnownFileType = sourcecode.c.h; path = BackendlessUser.h; sourceTree = "<group>"; };
		C5F0F18A1CFA15FB003FC8DD /* BEAnnotation.h */ = {isa = PBXFileReference; fileEncoding = 4; lastKnownFileType = sourcecode.c.h; path = BEAnnotation.h; sourceTree = "<group>"; };
		C5F0F18B1CFA15FB003FC8DD /* BECollectionView.h */ = {isa = PBXFileReference; fileEncoding = 4; lastKnownFileType = sourcecode.c.h; path = BECollectionView.h; sourceTree = "<group>"; };
		C5F0F18C1CFA15FB003FC8DD /* BEFileInfo.h */ = {isa = PBXFileReference; fileEncoding = 4; lastKnownFileType = sourcecode.c.h; path = BEFileInfo.h; sourceTree = "<group>"; };
		C5F0F18D1CFA15FB003FC8DD /* BEMapView.h */ = {isa = PBXFileReference; fileEncoding = 4; lastKnownFileType = sourcecode.c.h; path = BEMapView.h; sourceTree = "<group>"; };
		C5F0F18E1CFA15FB003FC8DD /* BESubscription.h */ = {isa = PBXFileReference; fileEncoding = 4; lastKnownFileType = sourcecode.c.h; path = BESubscription.h; sourceTree = "<group>"; };
		C5F0F18F1CFA15FB003FC8DD /* BETableView.h */ = {isa = PBXFileReference; fileEncoding = 4; lastKnownFileType = sourcecode.c.h; path = BETableView.h; sourceTree = "<group>"; };
		C5F0F1901CFA15FB003FC8DD /* BodyParts.h */ = {isa = PBXFileReference; fileEncoding = 4; lastKnownFileType = sourcecode.c.h; path = BodyParts.h; sourceTree = "<group>"; };
		C5F0F1911CFA15FB003FC8DD /* CacheFactory.h */ = {isa = PBXFileReference; fileEncoding = 4; lastKnownFileType = sourcecode.c.h; path = CacheFactory.h; sourceTree = "<group>"; };
		C5F0F1921CFA15FB003FC8DD /* CacheService.h */ = {isa = PBXFileReference; fileEncoding = 4; lastKnownFileType = sourcecode.c.h; path = CacheService.h; sourceTree = "<group>"; };
		C5F0F1931CFA15FB003FC8DD /* CustomService.h */ = {isa = PBXFileReference; fileEncoding = 4; lastKnownFileType = sourcecode.c.h; path = CustomService.h; sourceTree = "<group>"; };
		C5F0F1941CFA15FB003FC8DD /* DataPermission.h */ = {isa = PBXFileReference; fileEncoding = 4; lastKnownFileType = sourcecode.c.h; path = DataPermission.h; sourceTree = "<group>"; };
		C5F0F1951CFA15FB003FC8DD /* DataStoreFactory.h */ = {isa = PBXFileReference; fileEncoding = 4; lastKnownFileType = sourcecode.c.h; path = DataStoreFactory.h; sourceTree = "<group>"; };
		C5F0F1961CFA15FB003FC8DD /* DeliveryOptions.h */ = {isa = PBXFileReference; fileEncoding = 4; lastKnownFileType = sourcecode.c.h; path = DeliveryOptions.h; sourceTree = "<group>"; };
		C5F0F1971CFA15FB003FC8DD /* DeviceRegistration.h */ = {isa = PBXFileReference; fileEncoding = 4; lastKnownFileType = sourcecode.c.h; path = DeviceRegistration.h; sourceTree = "<group>"; };
		C5F0F1981CFA15FB003FC8DD /* Events.h */ = {isa = PBXFileReference; fileEncoding = 4; lastKnownFileType = sourcecode.c.h; path = Events.h; sourceTree = "<group>"; };
		C5F0F1991CFA15FB003FC8DD /* FilePermission.h */ = {isa = PBXFileReference; fileEncoding = 4; lastKnownFileType = sourcecode.c.h; path = FilePermission.h; sourceTree = "<group>"; };
		C5F0F19A1CFA15FB003FC8DD /* FileService.h */ = {isa = PBXFileReference; fileEncoding = 4; lastKnownFileType = sourcecode.c.h; path = FileService.h; sourceTree = "<group>"; };
		C5F0F19B1CFA15FB003FC8DD /* GeoCategory.h */ = {isa = PBXFileReference; fileEncoding = 4; lastKnownFileType = sourcecode.c.h; path = GeoCategory.h; sourceTree = "<group>"; };
		C5F0F19C1CFA15FB003FC8DD /* GeoCluster.h */ = {isa = PBXFileReference; fileEncoding = 4; lastKnownFileType = sourcecode.c.h; path = GeoCluster.h; sourceTree = "<group>"; };
		C5F0F19D1CFA15FB003FC8DD /* GeoFence.h */ = {isa = PBXFileReference; fileEncoding = 4; lastKnownFileType = sourcecode.c.h; path = GeoFence.h; sourceTree = "<group>"; };
		C5F0F19E1CFA15FB003FC8DD /* GeoPoint.h */ = {isa = PBXFileReference; fileEncoding = 4; lastKnownFileType = sourcecode.c.h; path = GeoPoint.h; sourceTree = "<group>"; };
		C5F0F19F1CFA15FB003FC8DD /* GeoService.h */ = {isa = PBXFileReference; fileEncoding = 4; lastKnownFileType = sourcecode.c.h; path = GeoService.h; sourceTree = "<group>"; };
		C5F0F1A01CFA15FB003FC8DD /* HashMap.h */ = {isa = PBXFileReference; fileEncoding = 4; lastKnownFileType = sourcecode.c.h; path = HashMap.h; sourceTree = "<group>"; };
		C5F0F1A11CFA15FB003FC8DD /* IAtomicCounters.h */ = {isa = PBXFileReference; fileEncoding = 4; lastKnownFileType = sourcecode.c.h; path = IAtomicCounters.h; sourceTree = "<group>"; };
		C5F0F1A21CFA15FB003FC8DD /* ICacheService.h */ = {isa = PBXFileReference; fileEncoding = 4; lastKnownFileType = sourcecode.c.h; path = ICacheService.h; sourceTree = "<group>"; };
		C5F0F1A31CFA15FB003FC8DD /* ICallback.h */ = {isa = PBXFileReference; fileEncoding = 4; lastKnownFileType = sourcecode.c.h; path = ICallback.h; sourceTree = "<group>"; };
		C5F0F1A41CFA15FB003FC8DD /* IDataStore.h */ = {isa = PBXFileReference; fileEncoding = 4; lastKnownFileType = sourcecode.c.h; path = IDataStore.h; sourceTree = "<group>"; };
		C5F0F1A51CFA15FB003FC8DD /* IMediaStreamer.h */ = {isa = PBXFileReference; fileEncoding = 4; lastKnownFileType = sourcecode.c.h; path = IMediaStreamer.h; sourceTree = "<group>"; };
		C5F0F1A61CFA15FB003FC8DD /* IPresenceListener.h */ = {isa = PBXFileReference; fileEncoding = 4; lastKnownFileType = sourcecode.c.h; path = IPresenceListener.h; sourceTree = "<group>"; };
		C5F0F1A71CFA15FB003FC8DD /* LocationTracker.h */ = {isa = PBXFileReference; fileEncoding = 4; lastKnownFileType = sourcecode.c.h; path = LocationTracker.h; sourceTree = "<group>"; };
		C5F0F1A81CFA15FB003FC8DD /* Logger.h */ = {isa = PBXFileReference; fileEncoding = 4; lastKnownFileType = sourcecode.c.h; path = Logger.h; sourceTree = "<group>"; };
		C5F0F1A91CFA15FB003FC8DD /* Logging.h */ = {isa = PBXFileReference; fileEncoding = 4; lastKnownFileType = sourcecode.c.h; path = Logging.h; sourceTree = "<group>"; };
		C5F0F1AA1CFA15FB003FC8DD /* MediaPlaybackOptions.h */ = {isa = PBXFileReference; fileEncoding = 4; lastKnownFileType = sourcecode.c.h; path = MediaPlaybackOptions.h; sourceTree = "<group>"; };
		C5F0F1AB1CFA15FB003FC8DD /* MediaPlayer.h */ = {isa = PBXFileReference; fileEncoding = 4; lastKnownFileType = sourcecode.c.h; path = MediaPlayer.h; sourceTree = "<group>"; };
		C5F0F1AC1CFA15FB003FC8DD /* MediaPublisher.h */ = {isa = PBXFileReference; fileEncoding = 4; lastKnownFileType = sourcecode.c.h; path = MediaPublisher.h; sourceTree = "<group>"; };
		C5F0F1AD1CFA15FB003FC8DD /* MediaPublishOptions.h */ = {isa = PBXFileReference; fileEncoding = 4; lastKnownFileType = sourcecode.c.h; path = MediaPublishOptions.h; sourceTree = "<group>"; };
		C5F0F1AE1CFA15FB003FC8DD /* MediaService.h */ = {isa = PBXFileReference; fileEncoding = 4; lastKnownFileType = sourcecode.c.h; path = MediaService.h; sourceTree = "<group>"; };
		C5F0F1AF1CFA15FB003FC8DD /* Message.h */ = {isa = PBXFileReference; fileEncoding = 4; lastKnownFileType = sourcecode.c.h; path = Message.h; sourceTree = "<group>"; };
		C5F0F1B01CFA15FB003FC8DD /* MessageStatus.h */ = {isa = PBXFileReference; fileEncoding = 4; lastKnownFileType = sourcecode.c.h; path = MessageStatus.h; sourceTree = "<group>"; };
		C5F0F1B11CFA15FB003FC8DD /* MessagingService.h */ = {isa = PBXFileReference; fileEncoding = 4; lastKnownFileType = sourcecode.c.h; path = MessagingService.h; sourceTree = "<group>"; };
		C5F0F1B21CFA15FB003FC8DD /* ObjectProperty.h */ = {isa = PBXFileReference; fileEncoding = 4; lastKnownFileType = sourcecode.c.h; path = ObjectProperty.h; sourceTree = "<group>"; };
		C5F0F1B31CFA15FB003FC8DD /* PersistenceService.h */ = {isa = PBXFileReference; fileEncoding = 4; lastKnownFileType = sourcecode.c.h; path = PersistenceService.h; sourceTree = "<group>"; };
		C5F0F1B41CFA15FB003FC8DD /* Presence.h */ = {isa = PBXFileReference; fileEncoding = 4; lastKnownFileType = sourcecode.c.h; path = Presence.h; sourceTree = "<group>"; };
		C5F0F1B51CFA15FB003FC8DD /* ProtectedBackendlessGeoQuery.h */ = {isa = PBXFileReference; fileEncoding = 4; lastKnownFileType = sourcecode.c.h; path = ProtectedBackendlessGeoQuery.h; sourceTree = "<group>"; };
		C5F0F1B61CFA15FB003FC8DD /* PublishOptions.h */ = {isa = PBXFileReference; fileEncoding = 4; lastKnownFileType = sourcecode.c.h; path = PublishOptions.h; sourceTree = "<group>"; };
		C5F0F1B71CFA15FB003FC8DD /* QueryOptions.h */ = {isa = PBXFileReference; fileEncoding = 4; lastKnownFileType = sourcecode.c.h; path = QueryOptions.h; sourceTree = "<group>"; };
		C5F0F1B81CFA15FB003FC8DD /* SubscriptionOptions.h */ = {isa = PBXFileReference; fileEncoding = 4; lastKnownFileType = sourcecode.c.h; path = SubscriptionOptions.h; sourceTree = "<group>"; };
		C5F0F1B91CFA15FB003FC8DD /* UserProperty.h */ = {isa = PBXFileReference; fileEncoding = 4; lastKnownFileType = sourcecode.c.h; path = UserProperty.h; sourceTree = "<group>"; };
		C5F0F1BA1CFA15FB003FC8DD /* UserService.h */ = {isa = PBXFileReference; fileEncoding = 4; lastKnownFileType = sourcecode.c.h; path = UserService.h; sourceTree = "<group>"; };
		C5F0F1BD1CFA15FB003FC8DD /* CommLibiOS.a */ = {isa = PBXFileReference; lastKnownFileType = archive.ar; path = CommLibiOS.a; sourceTree = "<group>"; };
		C5F0F1BE1CFA15FB003FC8DD /* AMFSerializer.h */ = {isa = PBXFileReference; fileEncoding = 4; lastKnownFileType = sourcecode.c.h; path = AMFSerializer.h; sourceTree = "<group>"; };
		C5F0F1BF1CFA15FB003FC8DD /* BinaryCodec.h */ = {isa = PBXFileReference; fileEncoding = 4; lastKnownFileType = sourcecode.c.h; path = BinaryCodec.h; sourceTree = "<group>"; };
		C5F0F1C01CFA15FB003FC8DD /* BinaryStream.h */ = {isa = PBXFileReference; fileEncoding = 4; lastKnownFileType = sourcecode.c.h; path = BinaryStream.h; sourceTree = "<group>"; };
		C5F0F1C11CFA15FB003FC8DD /* DEBUG.h */ = {isa = PBXFileReference; fileEncoding = 4; lastKnownFileType = sourcecode.c.h; path = DEBUG.h; sourceTree = "<group>"; };
		C5F0F1C21CFA15FB003FC8DD /* FlashorbBinaryReader.h */ = {isa = PBXFileReference; fileEncoding = 4; lastKnownFileType = sourcecode.c.h; path = FlashorbBinaryReader.h; sourceTree = "<group>"; };
		C5F0F1C31CFA15FB003FC8DD /* FlashorbBinaryWriter.h */ = {isa = PBXFileReference; fileEncoding = 4; lastKnownFileType = sourcecode.c.h; path = FlashorbBinaryWriter.h; sourceTree = "<group>"; };
		C5F0F1C41CFA15FB003FC8DD /* IAttributeStore.h */ = {isa = PBXFileReference; fileEncoding = 4; lastKnownFileType = sourcecode.c.h; path = IAttributeStore.h; sourceTree = "<group>"; };
		C5F0F1C51CFA15FB003FC8DD /* IClientSharedObject.h */ = {isa = PBXFileReference; fileEncoding = 4; lastKnownFileType = sourcecode.c.h; path = IClientSharedObject.h; sourceTree = "<group>"; };
		C5F0F1C61CFA15FB003FC8DD /* IClientSharedObjectDelegate.h */ = {isa = PBXFileReference; fileEncoding = 4; lastKnownFileType = sourcecode.c.h; path = IClientSharedObjectDelegate.h; sourceTree = "<group>"; };
		C5F0F1C71CFA15FB003FC8DD /* IPendingServiceCallback.h */ = {isa = PBXFileReference; fileEncoding = 4; lastKnownFileType = sourcecode.c.h; path = IPendingServiceCallback.h; sourceTree = "<group>"; };
		C5F0F1C81CFA15FB003FC8DD /* IPersistable.h */ = {isa = PBXFileReference; fileEncoding = 4; lastKnownFileType = sourcecode.c.h; path = IPersistable.h; sourceTree = "<group>"; };
		C5F0F1C91CFA15FB003FC8DD /* IRTMProtocol.h */ = {isa = PBXFileReference; fileEncoding = 4; lastKnownFileType = sourcecode.c.h; path = IRTMProtocol.h; sourceTree = "<group>"; };
		C5F0F1CA1CFA15FB003FC8DD /* IServiceCall.h */ = {isa = PBXFileReference; fileEncoding = 4; lastKnownFileType = sourcecode.c.h; path = IServiceCall.h; sourceTree = "<group>"; };
		C5F0F1CB1CFA15FB003FC8DD /* ISharedObjectListener.h */ = {isa = PBXFileReference; fileEncoding = 4; lastKnownFileType = sourcecode.c.h; path = ISharedObjectListener.h; sourceTree = "<group>"; };
		C5F0F1CC1CFA15FB003FC8DD /* MemoryTicker.h */ = {isa = PBXFileReference; fileEncoding = 4; lastKnownFileType = sourcecode.c.h; path = MemoryTicker.h; sourceTree = "<group>"; };
		C5F0F1CD1CFA15FB003FC8DD /* Responder.h */ = {isa = PBXFileReference; fileEncoding = 4; lastKnownFileType = sourcecode.c.h; path = Responder.h; sourceTree = "<group>"; };
		C5F0F1CE1CFA15FB003FC8DD /* RTMPClient.h */ = {isa = PBXFileReference; fileEncoding = 4; lastKnownFileType = sourcecode.c.h; path = RTMPClient.h; sourceTree = "<group>"; };
		C5F0F1CF1CFA15FB003FC8DD /* Types.h */ = {isa = PBXFileReference; fileEncoding = 4; lastKnownFileType = sourcecode.c.h; path = Types.h; sourceTree = "<group>"; };
		C5F0F1D01CFA15FB003FC8DD /* WeborbClient.h */ = {isa = PBXFileReference; fileEncoding = 4; lastKnownFileType = sourcecode.c.h; path = WeborbClient.h; sourceTree = "<group>"; };
		C5F0F1D31CFA15FB003FC8DD /* avcodec.h */ = {isa = PBXFileReference; fileEncoding = 4; lastKnownFileType = sourcecode.c.h; path = avcodec.h; sourceTree = "<group>"; };
		C5F0F1D41CFA15FB003FC8DD /* avfft.h */ = {isa = PBXFileReference; fileEncoding = 4; lastKnownFileType = sourcecode.c.h; path = avfft.h; sourceTree = "<group>"; };
		C5F0F1D51CFA15FB003FC8DD /* dv_profile.h */ = {isa = PBXFileReference; fileEncoding = 4; lastKnownFileType = sourcecode.c.h; path = dv_profile.h; sourceTree = "<group>"; };
		C5F0F1D61CFA15FB003FC8DD /* dxva2.h */ = {isa = PBXFileReference; fileEncoding = 4; lastKnownFileType = sourcecode.c.h; path = dxva2.h; sourceTree = "<group>"; };
		C5F0F1D71CFA15FB003FC8DD /* vaapi.h */ = {isa = PBXFileReference; fileEncoding = 4; lastKnownFileType = sourcecode.c.h; path = vaapi.h; sourceTree = "<group>"; };
		C5F0F1D81CFA15FB003FC8DD /* vda.h */ = {isa = PBXFileReference; fileEncoding = 4; lastKnownFileType = sourcecode.c.h; path = vda.h; sourceTree = "<group>"; };
		C5F0F1D91CFA15FB003FC8DD /* vdpau.h */ = {isa = PBXFileReference; fileEncoding = 4; lastKnownFileType = sourcecode.c.h; path = vdpau.h; sourceTree = "<group>"; };
		C5F0F1DA1CFA15FB003FC8DD /* version.h */ = {isa = PBXFileReference; fileEncoding = 4; lastKnownFileType = sourcecode.c.h; path = version.h; sourceTree = "<group>"; };
		C5F0F1DB1CFA15FB003FC8DD /* xvmc.h */ = {isa = PBXFileReference; fileEncoding = 4; lastKnownFileType = sourcecode.c.h; path = xvmc.h; sourceTree = "<group>"; };
		C5F0F1DD1CFA15FB003FC8DD /* avdevice.h */ = {isa = PBXFileReference; fileEncoding = 4; lastKnownFileType = sourcecode.c.h; path = avdevice.h; sourceTree = "<group>"; };
		C5F0F1DE1CFA15FB003FC8DD /* version.h */ = {isa = PBXFileReference; fileEncoding = 4; lastKnownFileType = sourcecode.c.h; path = version.h; sourceTree = "<group>"; };
		C5F0F1E01CFA15FB003FC8DD /* avfilter.h */ = {isa = PBXFileReference; fileEncoding = 4; lastKnownFileType = sourcecode.c.h; path = avfilter.h; sourceTree = "<group>"; };
		C5F0F1E11CFA15FB003FC8DD /* avfiltergraph.h */ = {isa = PBXFileReference; fileEncoding = 4; lastKnownFileType = sourcecode.c.h; path = avfiltergraph.h; sourceTree = "<group>"; };
		C5F0F1E21CFA15FB003FC8DD /* buffersink.h */ = {isa = PBXFileReference; fileEncoding = 4; lastKnownFileType = sourcecode.c.h; path = buffersink.h; sourceTree = "<group>"; };
		C5F0F1E31CFA15FB003FC8DD /* buffersrc.h */ = {isa = PBXFileReference; fileEncoding = 4; lastKnownFileType = sourcecode.c.h; path = buffersrc.h; sourceTree = "<group>"; };
		C5F0F1E41CFA15FB003FC8DD /* version.h */ = {isa = PBXFileReference; fileEncoding = 4; lastKnownFileType = sourcecode.c.h; path = version.h; sourceTree = "<group>"; };
		C5F0F1E61CFA15FB003FC8DD /* avformat.h */ = {isa = PBXFileReference; fileEncoding = 4; lastKnownFileType = sourcecode.c.h; path = avformat.h; sourceTree = "<group>"; };
		C5F0F1E71CFA15FB003FC8DD /* avio.h */ = {isa = PBXFileReference; fileEncoding = 4; lastKnownFileType = sourcecode.c.h; path = avio.h; sourceTree = "<group>"; };
		C5F0F1E81CFA15FB003FC8DD /* version.h */ = {isa = PBXFileReference; fileEncoding = 4; lastKnownFileType = sourcecode.c.h; path = version.h; sourceTree = "<group>"; };
		C5F0F1EA1CFA15FB003FC8DD /* avresample.h */ = {isa = PBXFileReference; fileEncoding = 4; lastKnownFileType = sourcecode.c.h; path = avresample.h; sourceTree = "<group>"; };
		C5F0F1EB1CFA15FB003FC8DD /* version.h */ = {isa = PBXFileReference; fileEncoding = 4; lastKnownFileType = sourcecode.c.h; path = version.h; sourceTree = "<group>"; };
		C5F0F1ED1CFA15FB003FC8DD /* adler32.h */ = {isa = PBXFileReference; fileEncoding = 4; lastKnownFileType = sourcecode.c.h; path = adler32.h; sourceTree = "<group>"; };
		C5F0F1EE1CFA15FB003FC8DD /* aes.h */ = {isa = PBXFileReference; fileEncoding = 4; lastKnownFileType = sourcecode.c.h; path = aes.h; sourceTree = "<group>"; };
		C5F0F1EF1CFA15FB003FC8DD /* attributes.h */ = {isa = PBXFileReference; fileEncoding = 4; lastKnownFileType = sourcecode.c.h; path = attributes.h; sourceTree = "<group>"; };
		C5F0F1F01CFA15FB003FC8DD /* audio_fifo.h */ = {isa = PBXFileReference; fileEncoding = 4; lastKnownFileType = sourcecode.c.h; path = audio_fifo.h; sourceTree = "<group>"; };
		C5F0F1F11CFA15FB003FC8DD /* audioconvert.h */ = {isa = PBXFileReference; fileEncoding = 4; lastKnownFileType = sourcecode.c.h; path = audioconvert.h; sourceTree = "<group>"; };
		C5F0F1F21CFA15FB003FC8DD /* avassert.h */ = {isa = PBXFileReference; fileEncoding = 4; lastKnownFileType = sourcecode.c.h; path = avassert.h; sourceTree = "<group>"; };
		C5F0F1F31CFA15FB003FC8DD /* avconfig.h */ = {isa = PBXFileReference; fileEncoding = 4; lastKnownFileType = sourcecode.c.h; path = avconfig.h; sourceTree = "<group>"; };
		C5F0F1F41CFA15FB003FC8DD /* avstring.h */ = {isa = PBXFileReference; fileEncoding = 4; lastKnownFileType = sourcecode.c.h; path = avstring.h; sourceTree = "<group>"; };
		C5F0F1F51CFA15FB003FC8DD /* avutil.h */ = {isa = PBXFileReference; fileEncoding = 4; lastKnownFileType = sourcecode.c.h; path = avutil.h; sourceTree = "<group>"; };
		C5F0F1F61CFA15FB003FC8DD /* base64.h */ = {isa = PBXFileReference; fileEncoding = 4; lastKnownFileType = sourcecode.c.h; path = base64.h; sourceTree = "<group>"; };
		C5F0F1F71CFA15FB003FC8DD /* blowfish.h */ = {isa = PBXFileReference; fileEncoding = 4; lastKnownFileType = sourcecode.c.h; path = blowfish.h; sourceTree = "<group>"; };
		C5F0F1F81CFA15FB003FC8DD /* bswap.h */ = {isa = PBXFileReference; fileEncoding = 4; lastKnownFileType = sourcecode.c.h; path = bswap.h; sourceTree = "<group>"; };
		C5F0F1F91CFA15FB003FC8DD /* buffer.h */ = {isa = PBXFileReference; fileEncoding = 4; lastKnownFileType = sourcecode.c.h; path = buffer.h; sourceTree = "<group>"; };
		C5F0F1FA1CFA15FB003FC8DD /* channel_layout.h */ = {isa = PBXFileReference; fileEncoding = 4; lastKnownFileType = sourcecode.c.h; path = channel_layout.h; sourceTree = "<group>"; };
		C5F0F1FB1CFA15FB003FC8DD /* common.h */ = {isa = PBXFileReference; fileEncoding = 4; lastKnownFileType = sourcecode.c.h; path = common.h; sourceTree = "<group>"; };
		C5F0F1FC1CFA15FB003FC8DD /* cpu.h */ = {isa = PBXFileReference; fileEncoding = 4; lastKnownFileType = sourcecode.c.h; path = cpu.h; sourceTree = "<group>"; };
		C5F0F1FD1CFA15FB003FC8DD /* crc.h */ = {isa = PBXFileReference; fileEncoding = 4; lastKnownFileType = sourcecode.c.h; path = crc.h; sourceTree = "<group>"; };
		C5F0F1FE1CFA15FB003FC8DD /* dict.h */ = {isa = PBXFileReference; fileEncoding = 4; lastKnownFileType = sourcecode.c.h; path = dict.h; sourceTree = "<group>"; };
		C5F0F1FF1CFA15FB003FC8DD /* display.h */ = {isa = PBXFileReference; fileEncoding = 4; lastKnownFileType = sourcecode.c.h; path = display.h; sourceTree = "<group>"; };
		C5F0F2001CFA15FB003FC8DD /* downmix_info.h */ = {isa = PBXFileReference; fileEncoding = 4; lastKnownFileType = sourcecode.c.h; path = downmix_info.h; sourceTree = "<group>"; };
		C5F0F2011CFA15FB003FC8DD /* error.h */ = {isa = PBXFileReference; fileEncoding = 4; lastKnownFileType = sourcecode.c.h; path = error.h; sourceTree = "<group>"; };
		C5F0F2021CFA15FB003FC8DD /* eval.h */ = {isa = PBXFileReference; fileEncoding = 4; lastKnownFileType = sourcecode.c.h; path = eval.h; sourceTree = "<group>"; };
		C5F0F2031CFA15FB003FC8DD /* fifo.h */ = {isa = PBXFileReference; fileEncoding = 4; lastKnownFileType = sourcecode.c.h; path = fifo.h; sourceTree = "<group>"; };
		C5F0F2041CFA15FB003FC8DD /* file.h */ = {isa = PBXFileReference; fileEncoding = 4; lastKnownFileType = sourcecode.c.h; path = file.h; sourceTree = "<group>"; };
		C5F0F2051CFA15FB003FC8DD /* frame.h */ = {isa = PBXFileReference; fileEncoding = 4; lastKnownFileType = sourcecode.c.h; path = frame.h; sourceTree = "<group>"; };
		C5F0F2061CFA15FB003FC8DD /* hmac.h */ = {isa = PBXFileReference; fileEncoding = 4; lastKnownFileType = sourcecode.c.h; path = hmac.h; sourceTree = "<group>"; };
		C5F0F2071CFA15FB003FC8DD /* imgutils.h */ = {isa = PBXFileReference; fileEncoding = 4; lastKnownFileType = sourcecode.c.h; path = imgutils.h; sourceTree = "<group>"; };
		C5F0F2081CFA15FB003FC8DD /* intfloat.h */ = {isa = PBXFileReference; fileEncoding = 4; lastKnownFileType = sourcecode.c.h; path = intfloat.h; sourceTree = "<group>"; };
		C5F0F2091CFA15FB003FC8DD /* intreadwrite.h */ = {isa = PBXFileReference; fileEncoding = 4; lastKnownFileType = sourcecode.c.h; path = intreadwrite.h; sourceTree = "<group>"; };
		C5F0F20A1CFA15FB003FC8DD /* lfg.h */ = {isa = PBXFileReference; fileEncoding = 4; lastKnownFileType = sourcecode.c.h; path = lfg.h; sourceTree = "<group>"; };
		C5F0F20B1CFA15FB003FC8DD /* log.h */ = {isa = PBXFileReference; fileEncoding = 4; lastKnownFileType = sourcecode.c.h; path = log.h; sourceTree = "<group>"; };
		C5F0F20C1CFA15FB003FC8DD /* macros.h */ = {isa = PBXFileReference; fileEncoding = 4; lastKnownFileType = sourcecode.c.h; path = macros.h; sourceTree = "<group>"; };
		C5F0F20D1CFA15FB003FC8DD /* mathematics.h */ = {isa = PBXFileReference; fileEncoding = 4; lastKnownFileType = sourcecode.c.h; path = mathematics.h; sourceTree = "<group>"; };
		C5F0F20E1CFA15FB003FC8DD /* md5.h */ = {isa = PBXFileReference; fileEncoding = 4; lastKnownFileType = sourcecode.c.h; path = md5.h; sourceTree = "<group>"; };
		C5F0F20F1CFA15FB003FC8DD /* mem.h */ = {isa = PBXFileReference; fileEncoding = 4; lastKnownFileType = sourcecode.c.h; path = mem.h; sourceTree = "<group>"; };
		C5F0F2101CFA15FB003FC8DD /* old_pix_fmts.h */ = {isa = PBXFileReference; fileEncoding = 4; lastKnownFileType = sourcecode.c.h; path = old_pix_fmts.h; sourceTree = "<group>"; };
		C5F0F2111CFA15FB003FC8DD /* opt.h */ = {isa = PBXFileReference; fileEncoding = 4; lastKnownFileType = sourcecode.c.h; path = opt.h; sourceTree = "<group>"; };
		C5F0F2121CFA15FB003FC8DD /* parseutils.h */ = {isa = PBXFileReference; fileEncoding = 4; lastKnownFileType = sourcecode.c.h; path = parseutils.h; sourceTree = "<group>"; };
		C5F0F2131CFA15FB003FC8DD /* pixdesc.h */ = {isa = PBXFileReference; fileEncoding = 4; lastKnownFileType = sourcecode.c.h; path = pixdesc.h; sourceTree = "<group>"; };
		C5F0F2141CFA15FB003FC8DD /* pixfmt.h */ = {isa = PBXFileReference; fileEncoding = 4; lastKnownFileType = sourcecode.c.h; path = pixfmt.h; sourceTree = "<group>"; };
		C5F0F2151CFA15FB003FC8DD /* random_seed.h */ = {isa = PBXFileReference; fileEncoding = 4; lastKnownFileType = sourcecode.c.h; path = random_seed.h; sourceTree = "<group>"; };
		C5F0F2161CFA15FB003FC8DD /* rational.h */ = {isa = PBXFileReference; fileEncoding = 4; lastKnownFileType = sourcecode.c.h; path = rational.h; sourceTree = "<group>"; };
		C5F0F2171CFA15FB003FC8DD /* replaygain.h */ = {isa = PBXFileReference; fileEncoding = 4; lastKnownFileType = sourcecode.c.h; path = replaygain.h; sourceTree = "<group>"; };
		C5F0F2181CFA15FB003FC8DD /* samplefmt.h */ = {isa = PBXFileReference; fileEncoding = 4; lastKnownFileType = sourcecode.c.h; path = samplefmt.h; sourceTree = "<group>"; };
		C5F0F2191CFA15FB003FC8DD /* sha.h */ = {isa = PBXFileReference; fileEncoding = 4; lastKnownFileType = sourcecode.c.h; path = sha.h; sourceTree = "<group>"; };
		C5F0F21A1CFA15FB003FC8DD /* stereo3d.h */ = {isa = PBXFileReference; fileEncoding = 4; lastKnownFileType = sourcecode.c.h; path = stereo3d.h; sourceTree = "<group>"; };
		C5F0F21B1CFA15FB003FC8DD /* version.h */ = {isa = PBXFileReference; fileEncoding = 4; lastKnownFileType = sourcecode.c.h; path = version.h; sourceTree = "<group>"; };
		C5F0F21C1CFA15FB003FC8DD /* xtea.h */ = {isa = PBXFileReference; fileEncoding = 4; lastKnownFileType = sourcecode.c.h; path = xtea.h; sourceTree = "<group>"; };
		C5F0F21E1CFA15FB003FC8DD /* swscale.h */ = {isa = PBXFileReference; fileEncoding = 4; lastKnownFileType = sourcecode.c.h; path = swscale.h; sourceTree = "<group>"; };
		C5F0F21F1CFA15FB003FC8DD /* version.h */ = {isa = PBXFileReference; fileEncoding = 4; lastKnownFileType = sourcecode.c.h; path = version.h; sourceTree = "<group>"; };
		C5F0F2221CFA15FB003FC8DD /* libavcodec.a */ = {isa = PBXFileReference; lastKnownFileType = archive.ar; path = libavcodec.a; sourceTree = "<group>"; };
		C5F0F2231CFA15FB003FC8DD /* libavdevice.a */ = {isa = PBXFileReference; lastKnownFileType = archive.ar; path = libavdevice.a; sourceTree = "<group>"; };
		C5F0F2241CFA15FB003FC8DD /* libavfilter.a */ = {isa = PBXFileReference; lastKnownFileType = archive.ar; path = libavfilter.a; sourceTree = "<group>"; };
		C5F0F2251CFA15FB003FC8DD /* libavformat.a */ = {isa = PBXFileReference; lastKnownFileType = archive.ar; path = libavformat.a; sourceTree = "<group>"; };
		C5F0F2261CFA15FB003FC8DD /* libavutil.a */ = {isa = PBXFileReference; lastKnownFileType = archive.ar; path = libavutil.a; sourceTree = "<group>"; };
		C5F0F2271CFA15FB003FC8DD /* libswscale.a */ = {isa = PBXFileReference; lastKnownFileType = archive.ar; path = libswscale.a; sourceTree = "<group>"; };
		C5F0F22A1CFA15FB003FC8DD /* BroadcastStreamClient.h */ = {isa = PBXFileReference; fileEncoding = 4; lastKnownFileType = sourcecode.c.h; path = BroadcastStreamClient.h; sourceTree = "<group>"; };
		C5F0F22B1CFA15FB003FC8DD /* MediaStreamPlayer.h */ = {isa = PBXFileReference; fileEncoding = 4; lastKnownFileType = sourcecode.c.h; path = MediaStreamPlayer.h; sourceTree = "<group>"; };
		C5F0F22C1CFA15FB003FC8DD /* MPMediaData.h */ = {isa = PBXFileReference; fileEncoding = 4; lastKnownFileType = sourcecode.c.h; path = MPMediaData.h; sourceTree = "<group>"; };
		C5F0F22D1CFA15FB003FC8DD /* MPMediaDecoder.h */ = {isa = PBXFileReference; fileEncoding = 4; lastKnownFileType = sourcecode.c.h; path = MPMediaDecoder.h; sourceTree = "<group>"; };
		C5F0F22E1CFA15FB003FC8DD /* MPMediaEncoder.h */ = {isa = PBXFileReference; fileEncoding = 4; lastKnownFileType = sourcecode.c.h; path = MPMediaEncoder.h; sourceTree = "<group>"; };
		C5F0F22F1CFA15FB003FC8DD /* VideoPlayer.h */ = {isa = PBXFileReference; fileEncoding = 4; lastKnownFileType = sourcecode.c.h; path = VideoPlayer.h; sourceTree = "<group>"; };
		C5F0F2311CFA15FB003FC8DD /* MediaLibiOS.a */ = {isa = PBXFileReference; lastKnownFileType = archive.ar; path = MediaLibiOS.a; sourceTree = "<group>"; };
		C5F0F2331CFA15FB003FC8DD /* speex.h */ = {isa = PBXFileReference; fileEncoding = 4; lastKnownFileType = sourcecode.c.h; path = speex.h; sourceTree = "<group>"; };
		C5F0F2341CFA15FB003FC8DD /* speex_bits.h */ = {isa = PBXFileReference; fileEncoding = 4; lastKnownFileType = sourcecode.c.h; path = speex_bits.h; sourceTree = "<group>"; };
		C5F0F2351CFA15FB003FC8DD /* speex_callbacks.h */ = {isa = PBXFileReference; fileEncoding = 4; lastKnownFileType = sourcecode.c.h; path = speex_callbacks.h; sourceTree = "<group>"; };
		C5F0F2361CFA15FB003FC8DD /* speex_config_types.h */ = {isa = PBXFileReference; fileEncoding = 4; lastKnownFileType = sourcecode.c.h; path = speex_config_types.h; sourceTree = "<group>"; };
		C5F0F2371CFA15FB003FC8DD /* speex_header.h */ = {isa = PBXFileReference; fileEncoding = 4; lastKnownFileType = sourcecode.c.h; path = speex_header.h; sourceTree = "<group>"; };
		C5F0F2381CFA15FB003FC8DD /* speex_stereo.h */ = {isa = PBXFileReference; fileEncoding = 4; lastKnownFileType = sourcecode.c.h; path = speex_stereo.h; sourceTree = "<group>"; };
		C5F0F2391CFA15FB003FC8DD /* speex_types.h */ = {isa = PBXFileReference; fileEncoding = 4; lastKnownFileType = sourcecode.c.h; path = speex_types.h; sourceTree = "<group>"; };
		C5F0F23B1CFA15FB003FC8DD /* libspeex.a */ = {isa = PBXFileReference; lastKnownFileType = archive.ar; path = libspeex.a; sourceTree = "<group>"; };
		C5F0F23E1CFA15FB003FC8DD /* x264.h */ = {isa = PBXFileReference; fileEncoding = 4; lastKnownFileType = sourcecode.c.h; path = x264.h; sourceTree = "<group>"; };
		C5F0F23F1CFA15FB003FC8DD /* x264_config.h */ = {isa = PBXFileReference; fileEncoding = 4; lastKnownFileType = sourcecode.c.h; path = x264_config.h; sourceTree = "<group>"; };
		C5F0F2411CFA15FB003FC8DD /* libx264.a */ = {isa = PBXFileReference; lastKnownFileType = archive.ar; path = libx264.a; sourceTree = "<group>"; };
		C70E9907B7356B256FADC06F /* Pods.debug.xcconfig */ = {isa = PBXFileReference; includeInIndex = 1; lastKnownFileType = text.xcconfig; name = Pods.debug.xcconfig; path = "Pods/Target Support Files/Pods/Pods.debug.xcconfig"; sourceTree = "<group>"; };
		E073C04FD664E7A42FCB3FC5 /* Pods.release.xcconfig */ = {isa = PBXFileReference; includeInIndex = 1; lastKnownFileType = text.xcconfig; name = Pods.release.xcconfig; path = "Pods/Target Support Files/Pods/Pods.release.xcconfig"; sourceTree = "<group>"; };
/* End PBXFileReference section */

/* Begin PBXFrameworksBuildPhase section */
		C5D7715C1CE2B42C00DB849B /* Frameworks */ = {
			isa = PBXFrameworksBuildPhase;
			buildActionMask = 2147483647;
			files = (
				C5F0F24C1CFA15FB003FC8DD /* libswscale.a in Frameworks */,
				C5F0F2491CFA15FB003FC8DD /* libavfilter.a in Frameworks */,
				C5F0F24F1CFA15FB003FC8DD /* libx264.a in Frameworks */,
				C5F0F2451CFA15FB003FC8DD /* backendless.a in Frameworks */,
				C5D771981CE2BA5B00DB849B /* libz.tbd in Frameworks */,
				C5F0F24A1CFA15FB003FC8DD /* libavformat.a in Frameworks */,
				C5F0F24B1CFA15FB003FC8DD /* libavutil.a in Frameworks */,
				C5F0F2481CFA15FB003FC8DD /* libavdevice.a in Frameworks */,
				C5D771961CE2BA4E00DB849B /* libsqlite3.tbd in Frameworks */,
				C5F0F2461CFA15FB003FC8DD /* CommLibiOS.a in Frameworks */,
				C5F0F24E1CFA15FB003FC8DD /* libspeex.a in Frameworks */,
				C5F0F24D1CFA15FB003FC8DD /* MediaLibiOS.a in Frameworks */,
				C5D771941CE2BA3700DB849B /* SystemConfiguration.framework in Frameworks */,
				C5F0F2471CFA15FB003FC8DD /* libavcodec.a in Frameworks */,
				209EB822F3F9D58351EE5BED /* libPods.a in Frameworks */,
			);
			runOnlyForDeploymentPostprocessing = 0;
		};
		C5D771731CE2B42C00DB849B /* Frameworks */ = {
			isa = PBXFrameworksBuildPhase;
			buildActionMask = 2147483647;
			files = (
			);
			runOnlyForDeploymentPostprocessing = 0;
		};
		C5D7717E1CE2B42C00DB849B /* Frameworks */ = {
			isa = PBXFrameworksBuildPhase;
			buildActionMask = 2147483647;
			files = (
			);
			runOnlyForDeploymentPostprocessing = 0;
		};
/* End PBXFrameworksBuildPhase section */

/* Begin PBXGroup section */
		241313BACA0AE1D5C7A5B35C /* Pods */ = {
			isa = PBXGroup;
			children = (
				C70E9907B7356B256FADC06F /* Pods.debug.xcconfig */,
				E073C04FD664E7A42FCB3FC5 /* Pods.release.xcconfig */,
			);
			name = Pods;
			sourceTree = "<group>";
		};
		8205906A79EFBBCFE07F6E9E /* Frameworks */ = {
			isa = PBXGroup;
			children = (
				C5D771971CE2BA5B00DB849B /* libz.tbd */,
				C5D771951CE2BA4E00DB849B /* libsqlite3.tbd */,
				C5D771931CE2BA3700DB849B /* SystemConfiguration.framework */,
				BB8EB640736125C85162C8E0 /* libPods.a */,
			);
			name = Frameworks;
			sourceTree = "<group>";
		};
		C5D771561CE2B42C00DB849B = {
			isa = PBXGroup;
			children = (
				C5F0F2441CFA15FB003FC8DD /* lib */,
				C5D773501CE2F71300DB849B /* ProgressHUD */,
				C5D771611CE2B42C00DB849B /* myClientele */,
				C5D771791CE2B42C00DB849B /* myClienteleTests */,
				C5D771841CE2B42C00DB849B /* myClienteleUITests */,
				C5D771601CE2B42C00DB849B /* Products */,
				241313BACA0AE1D5C7A5B35C /* Pods */,
				8205906A79EFBBCFE07F6E9E /* Frameworks */,
			);
			sourceTree = "<group>";
		};
		C5D771601CE2B42C00DB849B /* Products */ = {
			isa = PBXGroup;
			children = (
				C5D7715F1CE2B42C00DB849B /* myClientele.app */,
				C5D771761CE2B42C00DB849B /* myClienteleTests.xctest */,
				C5D771811CE2B42C00DB849B /* myClienteleUITests.xctest */,
			);
			name = Products;
			sourceTree = "<group>";
		};
		C5D771611CE2B42C00DB849B /* myClientele */ = {
			isa = PBXGroup;
			children = (
				C5D771621CE2B42C00DB849B /* AppDelegate.swift */,
				C5EF69FF1CFB6EDA00952A62 /* Utilities */,
				C5EF69FE1CFB6EAA00952A62 /* Messages */,
				C5D7735C1CE3AD5700DB849B /* UIViewController */,
				C5D7735B1CE3AD4600DB849B /* CustomTableViewCell */,
				C5D7735A1CE3AD2200DB849B /* Login */,
				C5D771661CE2B42C00DB849B /* Main.storyboard */,
				C5D7716C1CE2B42C00DB849B /* Assets.xcassets */,
				C5D7716E1CE2B42C00DB849B /* LaunchScreen.storyboard */,
				C5D771711CE2B42C00DB849B /* Info.plist */,
				C5EF6A001CFB76EF00952A62 /* GoogleService-Info.plist */,
				C5D771691CE2B42C00DB849B /* myClientele.xcdatamodeld */,
			);
			path = myClientele;
			sourceTree = "<group>";
		};
		C5D771791CE2B42C00DB849B /* myClienteleTests */ = {
			isa = PBXGroup;
			children = (
				C5D7717A1CE2B42C00DB849B /* myClienteleTests.swift */,
				C5D7717C1CE2B42C00DB849B /* Info.plist */,
			);
			path = myClienteleTests;
			sourceTree = "<group>";
		};
		C5D771841CE2B42C00DB849B /* myClienteleUITests */ = {
			isa = PBXGroup;
			children = (
				C5D771851CE2B42C00DB849B /* myClienteleUITests.swift */,
				C5D771871CE2B42C00DB849B /* Info.plist */,
			);
			path = myClienteleUITests;
			sourceTree = "<group>";
		};
		C5D773501CE2F71300DB849B /* ProgressHUD */ = {
			isa = PBXGroup;
			children = (
				C5D773511CE2F71300DB849B /* ProgressHUD.bundle */,
				C5D773521CE2F71300DB849B /* ProgressHUD.h */,
				C5D773531CE2F71300DB849B /* ProgressHUD.m */,
			);
			path = ProgressHUD;
			sourceTree = "<group>";
		};
		C5D7735A1CE3AD2200DB849B /* Login */ = {
			isa = PBXGroup;
			children = (
				C5D7734A1CE2CC3100DB849B /* welcomeVC.swift */,
				C5D7734E1CE2DF7B00DB849B /* loginVC.swift */,
				C5D7734C1CE2DF6700DB849B /* registerVC.swift */,
			);
			name = Login;
			sourceTree = "<group>";
		};
		C5D7735B1CE3AD4600DB849B /* CustomTableViewCell */ = {
			isa = PBXGroup;
			children = (
				C5D773561CE3AAC900DB849B /* recentCell.swift */,
			);
			name = CustomTableViewCell;
			sourceTree = "<group>";
		};
		C5D7735C1CE3AD5700DB849B /* UIViewController */ = {
			isa = PBXGroup;
			children = (
				C5D773581CE3AD1800DB849B /* recentVC.swift */,
				C5D773611CE3D5B900DB849B /* chooseUserVC.swift */,
				C5D773651CE3FC2100DB849B /* ChatViewController.swift */,
				C50FD31B1CEA5424004E493B /* mapVC.swift */,
				C50FD31D1CEA6768004E493B /* SettingsTableVC.swift */,
			);
			name = UIViewController;
			sourceTree = "<group>";
		};
		C5EF69FE1CFB6EAA00952A62 /* Messages */ = {
			isa = PBXGroup;
			children = (
				C5D773671CE68DA400DB849B /* OutgoingMessage.swift */,
				C5D773691CE7F50400DB849B /* IncomingMessage.swift */,
			);
			name = Messages;
			sourceTree = "<group>";
		};
		C5EF69FF1CFB6EDA00952A62 /* Utilities */ = {
			isa = PBXGroup;
			children = (
				C5D7735D1CE3B93C00DB849B /* recent.swift */,
				C50FD3191CEA3CA3004E493B /* Camera.swift */,
				C5F0F1741CF7A6BF003FC8DD /* Avatar.swift */,
				C5EF69FA1CFACEB400952A62 /* RegisterUser.swift */,
				C5EF69FC1CFB606700952A62 /* PushNotification.swift */,
			);
			name = Utilities;
			sourceTree = "<group>";
		};
		C5F0F1BB1CFA15FB003FC8DD /* include */ = {
			isa = PBXGroup;
			children = (
				C5F0F1791CFA15FB003FC8DD /* AbstractProperty.h */,
				C5F0F17A1CFA15FB003FC8DD /* AbstractQuery.h */,
				C5F0F17B1CFA15FB003FC8DD /* AtomicCounters.h */,
				C5F0F17C1CFA15FB003FC8DD /* AtomicCountersFactory.h */,
				C5F0F17D1CFA15FB003FC8DD /* Backendless-Bridging-Header.h */,
				C5F0F17E1CFA15FB003FC8DD /* Backendless-With-Media-Bridging-Header.h */,
				C5F0F17F1CFA15FB003FC8DD /* Backendless.h */,
				C5F0F1801CFA15FB003FC8DD /* BackendlessBeacon.h */,
				C5F0F1811CFA15FB003FC8DD /* BackendlessCachePolicy.h */,
				C5F0F1821CFA15FB003FC8DD /* BackendlessCacheProtocol.h */,
				C5F0F1831CFA15FB003FC8DD /* BackendlessCollection.h */,
				C5F0F1841CFA15FB003FC8DD /* BackendlessDataQuery.h */,
				C5F0F1851CFA15FB003FC8DD /* BackendlessEntity.h */,
				C5F0F1861CFA15FB003FC8DD /* BackendlessFile.h */,
				C5F0F1871CFA15FB003FC8DD /* BackendlessGeoQuery.h */,
				C5F0F1881CFA15FB003FC8DD /* BackendlessSimpleQuery.h */,
				C5F0F1891CFA15FB003FC8DD /* BackendlessUser.h */,
				C5F0F18A1CFA15FB003FC8DD /* BEAnnotation.h */,
				C5F0F18B1CFA15FB003FC8DD /* BECollectionView.h */,
				C5F0F18C1CFA15FB003FC8DD /* BEFileInfo.h */,
				C5F0F18D1CFA15FB003FC8DD /* BEMapView.h */,
				C5F0F18E1CFA15FB003FC8DD /* BESubscription.h */,
				C5F0F18F1CFA15FB003FC8DD /* BETableView.h */,
				C5F0F1901CFA15FB003FC8DD /* BodyParts.h */,
				C5F0F1911CFA15FB003FC8DD /* CacheFactory.h */,
				C5F0F1921CFA15FB003FC8DD /* CacheService.h */,
				C5F0F1931CFA15FB003FC8DD /* CustomService.h */,
				C5F0F1941CFA15FB003FC8DD /* DataPermission.h */,
				C5F0F1951CFA15FB003FC8DD /* DataStoreFactory.h */,
				C5F0F1961CFA15FB003FC8DD /* DeliveryOptions.h */,
				C5F0F1971CFA15FB003FC8DD /* DeviceRegistration.h */,
				C5F0F1981CFA15FB003FC8DD /* Events.h */,
				C5F0F1991CFA15FB003FC8DD /* FilePermission.h */,
				C5F0F19A1CFA15FB003FC8DD /* FileService.h */,
				C5F0F19B1CFA15FB003FC8DD /* GeoCategory.h */,
				C5F0F19C1CFA15FB003FC8DD /* GeoCluster.h */,
				C5F0F19D1CFA15FB003FC8DD /* GeoFence.h */,
				C5F0F19E1CFA15FB003FC8DD /* GeoPoint.h */,
				C5F0F19F1CFA15FB003FC8DD /* GeoService.h */,
				C5F0F1A01CFA15FB003FC8DD /* HashMap.h */,
				C5F0F1A11CFA15FB003FC8DD /* IAtomicCounters.h */,
				C5F0F1A21CFA15FB003FC8DD /* ICacheService.h */,
				C5F0F1A31CFA15FB003FC8DD /* ICallback.h */,
				C5F0F1A41CFA15FB003FC8DD /* IDataStore.h */,
				C5F0F1A51CFA15FB003FC8DD /* IMediaStreamer.h */,
				C5F0F1A61CFA15FB003FC8DD /* IPresenceListener.h */,
				C5F0F1A71CFA15FB003FC8DD /* LocationTracker.h */,
				C5F0F1A81CFA15FB003FC8DD /* Logger.h */,
				C5F0F1A91CFA15FB003FC8DD /* Logging.h */,
				C5F0F1AA1CFA15FB003FC8DD /* MediaPlaybackOptions.h */,
				C5F0F1AB1CFA15FB003FC8DD /* MediaPlayer.h */,
				C5F0F1AC1CFA15FB003FC8DD /* MediaPublisher.h */,
				C5F0F1AD1CFA15FB003FC8DD /* MediaPublishOptions.h */,
				C5F0F1AE1CFA15FB003FC8DD /* MediaService.h */,
				C5F0F1AF1CFA15FB003FC8DD /* Message.h */,
				C5F0F1B01CFA15FB003FC8DD /* MessageStatus.h */,
				C5F0F1B11CFA15FB003FC8DD /* MessagingService.h */,
				C5F0F1B21CFA15FB003FC8DD /* ObjectProperty.h */,
				C5F0F1B31CFA15FB003FC8DD /* PersistenceService.h */,
				C5F0F1B41CFA15FB003FC8DD /* Presence.h */,
				C5F0F1B51CFA15FB003FC8DD /* ProtectedBackendlessGeoQuery.h */,
				C5F0F1B61CFA15FB003FC8DD /* PublishOptions.h */,
				C5F0F1B71CFA15FB003FC8DD /* QueryOptions.h */,
				C5F0F1B81CFA15FB003FC8DD /* SubscriptionOptions.h */,
				C5F0F1B91CFA15FB003FC8DD /* UserProperty.h */,
				C5F0F1BA1CFA15FB003FC8DD /* UserService.h */,
			);
			path = include;
			sourceTree = "<group>";
		};
		C5F0F1BC1CFA15FB003FC8DD /* backendless */ = {
			isa = PBXGroup;
			children = (
				C5F0F1781CFA15FB003FC8DD /* backendless.a */,
				C5F0F1BB1CFA15FB003FC8DD /* include */,
			);
			path = backendless;
			sourceTree = "<group>";
		};
		C5F0F1D11CFA15FB003FC8DD /* include */ = {
			isa = PBXGroup;
			children = (
				C5F0F1BE1CFA15FB003FC8DD /* AMFSerializer.h */,
				C5F0F1BF1CFA15FB003FC8DD /* BinaryCodec.h */,
				C5F0F1C01CFA15FB003FC8DD /* BinaryStream.h */,
				C5F0F1C11CFA15FB003FC8DD /* DEBUG.h */,
				C5F0F1C21CFA15FB003FC8DD /* FlashorbBinaryReader.h */,
				C5F0F1C31CFA15FB003FC8DD /* FlashorbBinaryWriter.h */,
				C5F0F1C41CFA15FB003FC8DD /* IAttributeStore.h */,
				C5F0F1C51CFA15FB003FC8DD /* IClientSharedObject.h */,
				C5F0F1C61CFA15FB003FC8DD /* IClientSharedObjectDelegate.h */,
				C5F0F1C71CFA15FB003FC8DD /* IPendingServiceCallback.h */,
				C5F0F1C81CFA15FB003FC8DD /* IPersistable.h */,
				C5F0F1C91CFA15FB003FC8DD /* IRTMProtocol.h */,
				C5F0F1CA1CFA15FB003FC8DD /* IServiceCall.h */,
				C5F0F1CB1CFA15FB003FC8DD /* ISharedObjectListener.h */,
				C5F0F1CC1CFA15FB003FC8DD /* MemoryTicker.h */,
				C5F0F1CD1CFA15FB003FC8DD /* Responder.h */,
				C5F0F1CE1CFA15FB003FC8DD /* RTMPClient.h */,
				C5F0F1CF1CFA15FB003FC8DD /* Types.h */,
				C5F0F1D01CFA15FB003FC8DD /* WeborbClient.h */,
			);
			path = include;
			sourceTree = "<group>";
		};
		C5F0F1D21CFA15FB003FC8DD /* CommLibiOS */ = {
			isa = PBXGroup;
			children = (
				C5F0F1BD1CFA15FB003FC8DD /* CommLibiOS.a */,
				C5F0F1D11CFA15FB003FC8DD /* include */,
			);
			path = CommLibiOS;
			sourceTree = "<group>";
		};
		C5F0F1DC1CFA15FB003FC8DD /* libavcodec */ = {
			isa = PBXGroup;
			children = (
				C5F0F1D31CFA15FB003FC8DD /* avcodec.h */,
				C5F0F1D41CFA15FB003FC8DD /* avfft.h */,
				C5F0F1D51CFA15FB003FC8DD /* dv_profile.h */,
				C5F0F1D61CFA15FB003FC8DD /* dxva2.h */,
				C5F0F1D71CFA15FB003FC8DD /* vaapi.h */,
				C5F0F1D81CFA15FB003FC8DD /* vda.h */,
				C5F0F1D91CFA15FB003FC8DD /* vdpau.h */,
				C5F0F1DA1CFA15FB003FC8DD /* version.h */,
				C5F0F1DB1CFA15FB003FC8DD /* xvmc.h */,
			);
			path = libavcodec;
			sourceTree = "<group>";
		};
		C5F0F1DF1CFA15FB003FC8DD /* libavdevice */ = {
			isa = PBXGroup;
			children = (
				C5F0F1DD1CFA15FB003FC8DD /* avdevice.h */,
				C5F0F1DE1CFA15FB003FC8DD /* version.h */,
			);
			path = libavdevice;
			sourceTree = "<group>";
		};
		C5F0F1E51CFA15FB003FC8DD /* libavfilter */ = {
			isa = PBXGroup;
			children = (
				C5F0F1E01CFA15FB003FC8DD /* avfilter.h */,
				C5F0F1E11CFA15FB003FC8DD /* avfiltergraph.h */,
				C5F0F1E21CFA15FB003FC8DD /* buffersink.h */,
				C5F0F1E31CFA15FB003FC8DD /* buffersrc.h */,
				C5F0F1E41CFA15FB003FC8DD /* version.h */,
			);
			path = libavfilter;
			sourceTree = "<group>";
		};
		C5F0F1E91CFA15FB003FC8DD /* libavformat */ = {
			isa = PBXGroup;
			children = (
				C5F0F1E61CFA15FB003FC8DD /* avformat.h */,
				C5F0F1E71CFA15FB003FC8DD /* avio.h */,
				C5F0F1E81CFA15FB003FC8DD /* version.h */,
			);
			path = libavformat;
			sourceTree = "<group>";
		};
		C5F0F1EC1CFA15FB003FC8DD /* libavresample */ = {
			isa = PBXGroup;
			children = (
				C5F0F1EA1CFA15FB003FC8DD /* avresample.h */,
				C5F0F1EB1CFA15FB003FC8DD /* version.h */,
			);
			path = libavresample;
			sourceTree = "<group>";
		};
		C5F0F21D1CFA15FB003FC8DD /* libavutil */ = {
			isa = PBXGroup;
			children = (
				C5F0F1ED1CFA15FB003FC8DD /* adler32.h */,
				C5F0F1EE1CFA15FB003FC8DD /* aes.h */,
				C5F0F1EF1CFA15FB003FC8DD /* attributes.h */,
				C5F0F1F01CFA15FB003FC8DD /* audio_fifo.h */,
				C5F0F1F11CFA15FB003FC8DD /* audioconvert.h */,
				C5F0F1F21CFA15FB003FC8DD /* avassert.h */,
				C5F0F1F31CFA15FB003FC8DD /* avconfig.h */,
				C5F0F1F41CFA15FB003FC8DD /* avstring.h */,
				C5F0F1F51CFA15FB003FC8DD /* avutil.h */,
				C5F0F1F61CFA15FB003FC8DD /* base64.h */,
				C5F0F1F71CFA15FB003FC8DD /* blowfish.h */,
				C5F0F1F81CFA15FB003FC8DD /* bswap.h */,
				C5F0F1F91CFA15FB003FC8DD /* buffer.h */,
				C5F0F1FA1CFA15FB003FC8DD /* channel_layout.h */,
				C5F0F1FB1CFA15FB003FC8DD /* common.h */,
				C5F0F1FC1CFA15FB003FC8DD /* cpu.h */,
				C5F0F1FD1CFA15FB003FC8DD /* crc.h */,
				C5F0F1FE1CFA15FB003FC8DD /* dict.h */,
				C5F0F1FF1CFA15FB003FC8DD /* display.h */,
				C5F0F2001CFA15FB003FC8DD /* downmix_info.h */,
				C5F0F2011CFA15FB003FC8DD /* error.h */,
				C5F0F2021CFA15FB003FC8DD /* eval.h */,
				C5F0F2031CFA15FB003FC8DD /* fifo.h */,
				C5F0F2041CFA15FB003FC8DD /* file.h */,
				C5F0F2051CFA15FB003FC8DD /* frame.h */,
				C5F0F2061CFA15FB003FC8DD /* hmac.h */,
				C5F0F2071CFA15FB003FC8DD /* imgutils.h */,
				C5F0F2081CFA15FB003FC8DD /* intfloat.h */,
				C5F0F2091CFA15FB003FC8DD /* intreadwrite.h */,
				C5F0F20A1CFA15FB003FC8DD /* lfg.h */,
				C5F0F20B1CFA15FB003FC8DD /* log.h */,
				C5F0F20C1CFA15FB003FC8DD /* macros.h */,
				C5F0F20D1CFA15FB003FC8DD /* mathematics.h */,
				C5F0F20E1CFA15FB003FC8DD /* md5.h */,
				C5F0F20F1CFA15FB003FC8DD /* mem.h */,
				C5F0F2101CFA15FB003FC8DD /* old_pix_fmts.h */,
				C5F0F2111CFA15FB003FC8DD /* opt.h */,
				C5F0F2121CFA15FB003FC8DD /* parseutils.h */,
				C5F0F2131CFA15FB003FC8DD /* pixdesc.h */,
				C5F0F2141CFA15FB003FC8DD /* pixfmt.h */,
				C5F0F2151CFA15FB003FC8DD /* random_seed.h */,
				C5F0F2161CFA15FB003FC8DD /* rational.h */,
				C5F0F2171CFA15FB003FC8DD /* replaygain.h */,
				C5F0F2181CFA15FB003FC8DD /* samplefmt.h */,
				C5F0F2191CFA15FB003FC8DD /* sha.h */,
				C5F0F21A1CFA15FB003FC8DD /* stereo3d.h */,
				C5F0F21B1CFA15FB003FC8DD /* version.h */,
				C5F0F21C1CFA15FB003FC8DD /* xtea.h */,
			);
			path = libavutil;
			sourceTree = "<group>";
		};
		C5F0F2201CFA15FB003FC8DD /* libswscale */ = {
			isa = PBXGroup;
			children = (
				C5F0F21E1CFA15FB003FC8DD /* swscale.h */,
				C5F0F21F1CFA15FB003FC8DD /* version.h */,
			);
			path = libswscale;
			sourceTree = "<group>";
		};
		C5F0F2211CFA15FB003FC8DD /* include */ = {
			isa = PBXGroup;
			children = (
				C5F0F1DC1CFA15FB003FC8DD /* libavcodec */,
				C5F0F1DF1CFA15FB003FC8DD /* libavdevice */,
				C5F0F1E51CFA15FB003FC8DD /* libavfilter */,
				C5F0F1E91CFA15FB003FC8DD /* libavformat */,
				C5F0F1EC1CFA15FB003FC8DD /* libavresample */,
				C5F0F21D1CFA15FB003FC8DD /* libavutil */,
				C5F0F2201CFA15FB003FC8DD /* libswscale */,
			);
			path = include;
			sourceTree = "<group>";
		};
		C5F0F2281CFA15FB003FC8DD /* lib */ = {
			isa = PBXGroup;
			children = (
				C5F0F2221CFA15FB003FC8DD /* libavcodec.a */,
				C5F0F2231CFA15FB003FC8DD /* libavdevice.a */,
				C5F0F2241CFA15FB003FC8DD /* libavfilter.a */,
				C5F0F2251CFA15FB003FC8DD /* libavformat.a */,
				C5F0F2261CFA15FB003FC8DD /* libavutil.a */,
				C5F0F2271CFA15FB003FC8DD /* libswscale.a */,
			);
			path = lib;
			sourceTree = "<group>";
		};
		C5F0F2291CFA15FB003FC8DD /* libav-11.4 */ = {
			isa = PBXGroup;
			children = (
				C5F0F2211CFA15FB003FC8DD /* include */,
				C5F0F2281CFA15FB003FC8DD /* lib */,
			);
			path = "libav-11.4";
			sourceTree = "<group>";
		};
		C5F0F2301CFA15FB003FC8DD /* include */ = {
			isa = PBXGroup;
			children = (
				C5F0F22A1CFA15FB003FC8DD /* BroadcastStreamClient.h */,
				C5F0F22B1CFA15FB003FC8DD /* MediaStreamPlayer.h */,
				C5F0F22C1CFA15FB003FC8DD /* MPMediaData.h */,
				C5F0F22D1CFA15FB003FC8DD /* MPMediaDecoder.h */,
				C5F0F22E1CFA15FB003FC8DD /* MPMediaEncoder.h */,
				C5F0F22F1CFA15FB003FC8DD /* VideoPlayer.h */,
			);
			path = include;
			sourceTree = "<group>";
		};
		C5F0F2321CFA15FB003FC8DD /* MediaLibiOS3x */ = {
			isa = PBXGroup;
			children = (
				C5F0F2301CFA15FB003FC8DD /* include */,
				C5F0F2311CFA15FB003FC8DD /* MediaLibiOS.a */,
			);
			path = MediaLibiOS3x;
			sourceTree = "<group>";
		};
		C5F0F23A1CFA15FB003FC8DD /* include */ = {
			isa = PBXGroup;
			children = (
				C5F0F2331CFA15FB003FC8DD /* speex.h */,
				C5F0F2341CFA15FB003FC8DD /* speex_bits.h */,
				C5F0F2351CFA15FB003FC8DD /* speex_callbacks.h */,
				C5F0F2361CFA15FB003FC8DD /* speex_config_types.h */,
				C5F0F2371CFA15FB003FC8DD /* speex_header.h */,
				C5F0F2381CFA15FB003FC8DD /* speex_stereo.h */,
				C5F0F2391CFA15FB003FC8DD /* speex_types.h */,
			);
			path = include;
			sourceTree = "<group>";
		};
		C5F0F23C1CFA15FB003FC8DD /* lib */ = {
			isa = PBXGroup;
			children = (
				C5F0F23B1CFA15FB003FC8DD /* libspeex.a */,
			);
			path = lib;
			sourceTree = "<group>";
		};
		C5F0F23D1CFA15FB003FC8DD /* speex-1.2rc2 */ = {
			isa = PBXGroup;
			children = (
				C5F0F23A1CFA15FB003FC8DD /* include */,
				C5F0F23C1CFA15FB003FC8DD /* lib */,
			);
			path = "speex-1.2rc2";
			sourceTree = "<group>";
		};
		C5F0F2401CFA15FB003FC8DD /* include */ = {
			isa = PBXGroup;
			children = (
				C5F0F23E1CFA15FB003FC8DD /* x264.h */,
				C5F0F23F1CFA15FB003FC8DD /* x264_config.h */,
			);
			path = include;
			sourceTree = "<group>";
		};
		C5F0F2421CFA15FB003FC8DD /* lib */ = {
			isa = PBXGroup;
			children = (
				C5F0F2411CFA15FB003FC8DD /* libx264.a */,
			);
			path = lib;
			sourceTree = "<group>";
		};
		C5F0F2431CFA15FB003FC8DD /* x264 */ = {
			isa = PBXGroup;
			children = (
				C5F0F2401CFA15FB003FC8DD /* include */,
				C5F0F2421CFA15FB003FC8DD /* lib */,
			);
			path = x264;
			sourceTree = "<group>";
		};
		C5F0F2441CFA15FB003FC8DD /* lib */ = {
			isa = PBXGroup;
			children = (
				C5F0F1BC1CFA15FB003FC8DD /* backendless */,
				C5F0F1D21CFA15FB003FC8DD /* CommLibiOS */,
				C5F0F2291CFA15FB003FC8DD /* libav-11.4 */,
				C5F0F2321CFA15FB003FC8DD /* MediaLibiOS3x */,
				C5F0F23D1CFA15FB003FC8DD /* speex-1.2rc2 */,
				C5F0F2431CFA15FB003FC8DD /* x264 */,
			);
			path = lib;
			sourceTree = "<group>";
		};
/* End PBXGroup section */

/* Begin PBXNativeTarget section */
		C5D7715E1CE2B42C00DB849B /* myClientele */ = {
			isa = PBXNativeTarget;
			buildConfigurationList = C5D7718A1CE2B42C00DB849B /* Build configuration list for PBXNativeTarget "myClientele" */;
			buildPhases = (
				3E6183A4C34BAB07042A014B /* Check Pods Manifest.lock */,
				C5D7715B1CE2B42C00DB849B /* Sources */,
				C5D7715C1CE2B42C00DB849B /* Frameworks */,
				C5D7715D1CE2B42C00DB849B /* Resources */,
				6EC0033C52551E3037370BBC /* Embed Pods Frameworks */,
				9A2590B2E0A716B0106C7777 /* Copy Pods Resources */,
			);
			buildRules = (
			);
			dependencies = (
			);
			name = myClientele;
			productName = myClientele;
			productReference = C5D7715F1CE2B42C00DB849B /* myClientele.app */;
			productType = "com.apple.product-type.application";
		};
		C5D771751CE2B42C00DB849B /* myClienteleTests */ = {
			isa = PBXNativeTarget;
			buildConfigurationList = C5D7718D1CE2B42C00DB849B /* Build configuration list for PBXNativeTarget "myClienteleTests" */;
			buildPhases = (
				C5D771721CE2B42C00DB849B /* Sources */,
				C5D771731CE2B42C00DB849B /* Frameworks */,
				C5D771741CE2B42C00DB849B /* Resources */,
			);
			buildRules = (
			);
			dependencies = (
				C5D771781CE2B42C00DB849B /* PBXTargetDependency */,
			);
			name = myClienteleTests;
			productName = myClienteleTests;
			productReference = C5D771761CE2B42C00DB849B /* myClienteleTests.xctest */;
			productType = "com.apple.product-type.bundle.unit-test";
		};
		C5D771801CE2B42C00DB849B /* myClienteleUITests */ = {
			isa = PBXNativeTarget;
			buildConfigurationList = C5D771901CE2B42C00DB849B /* Build configuration list for PBXNativeTarget "myClienteleUITests" */;
			buildPhases = (
				C5D7717D1CE2B42C00DB849B /* Sources */,
				C5D7717E1CE2B42C00DB849B /* Frameworks */,
				C5D7717F1CE2B42C00DB849B /* Resources */,
			);
			buildRules = (
			);
			dependencies = (
				C5D771831CE2B42C00DB849B /* PBXTargetDependency */,
			);
			name = myClienteleUITests;
			productName = myClienteleUITests;
			productReference = C5D771811CE2B42C00DB849B /* myClienteleUITests.xctest */;
			productType = "com.apple.product-type.bundle.ui-testing";
		};
/* End PBXNativeTarget section */

/* Begin PBXProject section */
		C5D771571CE2B42C00DB849B /* Project object */ = {
			isa = PBXProject;
			attributes = {
				LastSwiftUpdateCheck = 0730;
				LastUpgradeCheck = 0730;
				ORGANIZATIONNAME = Oaks;
				TargetAttributes = {
					C5D7715E1CE2B42C00DB849B = {
						CreatedOnToolsVersion = 7.3;
						DevelopmentTeam = QH8GCHK9JS;
						SystemCapabilities = {
							com.apple.Push = {
								enabled = 1;
							};
						};
					};
					C5D771751CE2B42C00DB849B = {
						CreatedOnToolsVersion = 7.3;
						TestTargetID = C5D7715E1CE2B42C00DB849B;
					};
					C5D771801CE2B42C00DB849B = {
						CreatedOnToolsVersion = 7.3;
						TestTargetID = C5D7715E1CE2B42C00DB849B;
					};
				};
			};
			buildConfigurationList = C5D7715A1CE2B42C00DB849B /* Build configuration list for PBXProject "myClientele" */;
			compatibilityVersion = "Xcode 3.2";
			developmentRegion = English;
			hasScannedForEncodings = 0;
			knownRegions = (
				en,
				Base,
			);
			mainGroup = C5D771561CE2B42C00DB849B;
			productRefGroup = C5D771601CE2B42C00DB849B /* Products */;
			projectDirPath = "";
			projectRoot = "";
			targets = (
				C5D7715E1CE2B42C00DB849B /* myClientele */,
				C5D771751CE2B42C00DB849B /* myClienteleTests */,
				C5D771801CE2B42C00DB849B /* myClienteleUITests */,
			);
		};
/* End PBXProject section */

/* Begin PBXResourcesBuildPhase section */
		C5D7715D1CE2B42C00DB849B /* Resources */ = {
			isa = PBXResourcesBuildPhase;
			buildActionMask = 2147483647;
			files = (
				C5D773541CE2F71300DB849B /* ProgressHUD.bundle in Resources */,
				C5D771701CE2B42C00DB849B /* LaunchScreen.storyboard in Resources */,
				C5EF6A011CFB76EF00952A62 /* GoogleService-Info.plist in Resources */,
				C5D7716D1CE2B42C00DB849B /* Assets.xcassets in Resources */,
				C5D771681CE2B42C00DB849B /* Main.storyboard in Resources */,
			);
			runOnlyForDeploymentPostprocessing = 0;
		};
		C5D771741CE2B42C00DB849B /* Resources */ = {
			isa = PBXResourcesBuildPhase;
			buildActionMask = 2147483647;
			files = (
			);
			runOnlyForDeploymentPostprocessing = 0;
		};
		C5D7717F1CE2B42C00DB849B /* Resources */ = {
			isa = PBXResourcesBuildPhase;
			buildActionMask = 2147483647;
			files = (
			);
			runOnlyForDeploymentPostprocessing = 0;
		};
/* End PBXResourcesBuildPhase section */

/* Begin PBXShellScriptBuildPhase section */
		3E6183A4C34BAB07042A014B /* Check Pods Manifest.lock */ = {
			isa = PBXShellScriptBuildPhase;
			buildActionMask = 2147483647;
			files = (
			);
			inputPaths = (
			);
			name = "Check Pods Manifest.lock";
			outputPaths = (
			);
			runOnlyForDeploymentPostprocessing = 0;
			shellPath = /bin/sh;
			shellScript = "diff \"${PODS_ROOT}/../Podfile.lock\" \"${PODS_ROOT}/Manifest.lock\" > /dev/null\nif [[ $? != 0 ]] ; then\n    cat << EOM\nerror: The sandbox is not in sync with the Podfile.lock. Run 'pod install' or update your CocoaPods installation.\nEOM\n    exit 1\nfi\n";
			showEnvVarsInLog = 0;
		};
		6EC0033C52551E3037370BBC /* Embed Pods Frameworks */ = {
			isa = PBXShellScriptBuildPhase;
			buildActionMask = 2147483647;
			files = (
			);
			inputPaths = (
			);
			name = "Embed Pods Frameworks";
			outputPaths = (
			);
			runOnlyForDeploymentPostprocessing = 0;
			shellPath = /bin/sh;
			shellScript = "\"${SRCROOT}/Pods/Target Support Files/Pods/Pods-frameworks.sh\"\n";
			showEnvVarsInLog = 0;
		};
		9A2590B2E0A716B0106C7777 /* Copy Pods Resources */ = {
			isa = PBXShellScriptBuildPhase;
			buildActionMask = 2147483647;
			files = (
			);
			inputPaths = (
			);
			name = "Copy Pods Resources";
			outputPaths = (
			);
			runOnlyForDeploymentPostprocessing = 0;
			shellPath = /bin/sh;
			shellScript = "\"${SRCROOT}/Pods/Target Support Files/Pods/Pods-resources.sh\"\n";
			showEnvVarsInLog = 0;
		};
/* End PBXShellScriptBuildPhase section */

/* Begin PBXSourcesBuildPhase section */
		C5D7715B1CE2B42C00DB849B /* Sources */ = {
			isa = PBXSourcesBuildPhase;
			buildActionMask = 2147483647;
			files = (
				C5D773551CE2F71300DB849B /* ProgressHUD.m in Sources */,
				C5EF69FB1CFACEB400952A62 /* RegisterUser.swift in Sources */,
				C5D7734B1CE2CC3100DB849B /* welcomeVC.swift in Sources */,
				C50FD31E1CEA6768004E493B /* SettingsTableVC.swift in Sources */,
				C5F0F1751CF7A6BF003FC8DD /* Avatar.swift in Sources */,
				C5D773661CE3FC2100DB849B /* ChatViewController.swift in Sources */,
				C5EF69FD1CFB606700952A62 /* PushNotification.swift in Sources */,
				C5D773621CE3D5B900DB849B /* chooseUserVC.swift in Sources */,
				C5D7735E1CE3B93C00DB849B /* recent.swift in Sources */,
				C50FD31C1CEA5424004E493B /* mapVC.swift in Sources */,
				C5D773571CE3AAC900DB849B /* recentCell.swift in Sources */,
				C5D773591CE3AD1800DB849B /* recentVC.swift in Sources */,
				C5D7734F1CE2DF7B00DB849B /* loginVC.swift in Sources */,
				C5D7734D1CE2DF6700DB849B /* registerVC.swift in Sources */,
				C5D773681CE68DA400DB849B /* OutgoingMessage.swift in Sources */,
				C5D7736A1CE7F50400DB849B /* IncomingMessage.swift in Sources */,
				C5D7716B1CE2B42C00DB849B /* myClientele.xcdatamodeld in Sources */,
				C50FD31A1CEA3CA3004E493B /* Camera.swift in Sources */,
				C5D771631CE2B42C00DB849B /* AppDelegate.swift in Sources */,
			);
			runOnlyForDeploymentPostprocessing = 0;
		};
		C5D771721CE2B42C00DB849B /* Sources */ = {
			isa = PBXSourcesBuildPhase;
			buildActionMask = 2147483647;
			files = (
				C5D7717B1CE2B42C00DB849B /* myClienteleTests.swift in Sources */,
			);
			runOnlyForDeploymentPostprocessing = 0;
		};
		C5D7717D1CE2B42C00DB849B /* Sources */ = {
			isa = PBXSourcesBuildPhase;
			buildActionMask = 2147483647;
			files = (
				C5D771861CE2B42C00DB849B /* myClienteleUITests.swift in Sources */,
			);
			runOnlyForDeploymentPostprocessing = 0;
		};
/* End PBXSourcesBuildPhase section */

/* Begin PBXTargetDependency section */
		C5D771781CE2B42C00DB849B /* PBXTargetDependency */ = {
			isa = PBXTargetDependency;
			target = C5D7715E1CE2B42C00DB849B /* myClientele */;
			targetProxy = C5D771771CE2B42C00DB849B /* PBXContainerItemProxy */;
		};
		C5D771831CE2B42C00DB849B /* PBXTargetDependency */ = {
			isa = PBXTargetDependency;
			target = C5D7715E1CE2B42C00DB849B /* myClientele */;
			targetProxy = C5D771821CE2B42C00DB849B /* PBXContainerItemProxy */;
		};
/* End PBXTargetDependency section */

/* Begin PBXVariantGroup section */
		C5D771661CE2B42C00DB849B /* Main.storyboard */ = {
			isa = PBXVariantGroup;
			children = (
				C5D771671CE2B42C00DB849B /* Base */,
			);
			name = Main.storyboard;
			sourceTree = "<group>";
		};
		C5D7716E1CE2B42C00DB849B /* LaunchScreen.storyboard */ = {
			isa = PBXVariantGroup;
			children = (
				C5D7716F1CE2B42C00DB849B /* Base */,
			);
			name = LaunchScreen.storyboard;
			sourceTree = "<group>";
		};
/* End PBXVariantGroup section */

/* Begin XCBuildConfiguration section */
		C5D771881CE2B42C00DB849B /* Debug */ = {
			isa = XCBuildConfiguration;
			buildSettings = {
				ALWAYS_SEARCH_USER_PATHS = NO;
				CLANG_ANALYZER_NONNULL = YES;
				CLANG_CXX_LANGUAGE_STANDARD = "gnu++0x";
				CLANG_CXX_LIBRARY = "libc++";
				CLANG_ENABLE_MODULES = YES;
				CLANG_ENABLE_OBJC_ARC = YES;
				CLANG_WARN_BOOL_CONVERSION = YES;
				CLANG_WARN_CONSTANT_CONVERSION = YES;
				CLANG_WARN_DIRECT_OBJC_ISA_USAGE = YES_ERROR;
				CLANG_WARN_EMPTY_BODY = YES;
				CLANG_WARN_ENUM_CONVERSION = YES;
				CLANG_WARN_INT_CONVERSION = YES;
				CLANG_WARN_OBJC_ROOT_CLASS = YES_ERROR;
				CLANG_WARN_UNREACHABLE_CODE = YES;
				CLANG_WARN__DUPLICATE_METHOD_MATCH = YES;
				"CODE_SIGN_IDENTITY[sdk=iphoneos*]" = "iPhone Developer";
				COPY_PHASE_STRIP = NO;
				DEBUG_INFORMATION_FORMAT = dwarf;
				ENABLE_STRICT_OBJC_MSGSEND = YES;
				ENABLE_TESTABILITY = YES;
				GCC_C_LANGUAGE_STANDARD = gnu99;
				GCC_DYNAMIC_NO_PIC = NO;
				GCC_NO_COMMON_BLOCKS = YES;
				GCC_OPTIMIZATION_LEVEL = 0;
				GCC_PREPROCESSOR_DEFINITIONS = (
					"DEBUG=1",
					"$(inherited)",
				);
				GCC_WARN_64_TO_32_BIT_CONVERSION = YES;
				GCC_WARN_ABOUT_RETURN_TYPE = YES_ERROR;
				GCC_WARN_UNDECLARED_SELECTOR = YES;
				GCC_WARN_UNINITIALIZED_AUTOS = YES_AGGRESSIVE;
				GCC_WARN_UNUSED_FUNCTION = YES;
				GCC_WARN_UNUSED_VARIABLE = YES;
				IPHONEOS_DEPLOYMENT_TARGET = 9.3;
				MTL_ENABLE_DEBUG_INFO = YES;
				ONLY_ACTIVE_ARCH = YES;
				SDKROOT = iphoneos;
				SWIFT_OPTIMIZATION_LEVEL = "-Onone";
			};
			name = Debug;
		};
		C5D771891CE2B42C00DB849B /* Release */ = {
			isa = XCBuildConfiguration;
			buildSettings = {
				ALWAYS_SEARCH_USER_PATHS = NO;
				CLANG_ANALYZER_NONNULL = YES;
				CLANG_CXX_LANGUAGE_STANDARD = "gnu++0x";
				CLANG_CXX_LIBRARY = "libc++";
				CLANG_ENABLE_MODULES = YES;
				CLANG_ENABLE_OBJC_ARC = YES;
				CLANG_WARN_BOOL_CONVERSION = YES;
				CLANG_WARN_CONSTANT_CONVERSION = YES;
				CLANG_WARN_DIRECT_OBJC_ISA_USAGE = YES_ERROR;
				CLANG_WARN_EMPTY_BODY = YES;
				CLANG_WARN_ENUM_CONVERSION = YES;
				CLANG_WARN_INT_CONVERSION = YES;
				CLANG_WARN_OBJC_ROOT_CLASS = YES_ERROR;
				CLANG_WARN_UNREACHABLE_CODE = YES;
				CLANG_WARN__DUPLICATE_METHOD_MATCH = YES;
				"CODE_SIGN_IDENTITY[sdk=iphoneos*]" = "iPhone Developer";
				COPY_PHASE_STRIP = NO;
				DEBUG_INFORMATION_FORMAT = "dwarf-with-dsym";
				ENABLE_NS_ASSERTIONS = NO;
				ENABLE_STRICT_OBJC_MSGSEND = YES;
				GCC_C_LANGUAGE_STANDARD = gnu99;
				GCC_NO_COMMON_BLOCKS = YES;
				GCC_WARN_64_TO_32_BIT_CONVERSION = YES;
				GCC_WARN_ABOUT_RETURN_TYPE = YES_ERROR;
				GCC_WARN_UNDECLARED_SELECTOR = YES;
				GCC_WARN_UNINITIALIZED_AUTOS = YES_AGGRESSIVE;
				GCC_WARN_UNUSED_FUNCTION = YES;
				GCC_WARN_UNUSED_VARIABLE = YES;
				IPHONEOS_DEPLOYMENT_TARGET = 9.3;
				MTL_ENABLE_DEBUG_INFO = NO;
				SDKROOT = iphoneos;
				VALIDATE_PRODUCT = YES;
			};
			name = Release;
		};
		C5D7718B1CE2B42C00DB849B /* Debug */ = {
			isa = XCBuildConfiguration;
			baseConfigurationReference = C70E9907B7356B256FADC06F /* Pods.debug.xcconfig */;
			buildSettings = {
				ASSETCATALOG_COMPILER_APPICON_NAME = AppIcon;
				INFOPLIST_FILE = myClientele/Info.plist;
				LD_RUNPATH_SEARCH_PATHS = "$(inherited) @executable_path/Frameworks";
				LIBRARY_SEARCH_PATHS = (
					"$(inherited)",
					"$(PROJECT_DIR)/lib/backendless",
					"$(PROJECT_DIR)/lib/CommLibiOS",
					"$(PROJECT_DIR)/lib/libav-11.4/lib",
					"$(PROJECT_DIR)/lib/MediaLibiOS3x",
					"$(PROJECT_DIR)/lib/speex-1.2rc2/lib",
					"$(PROJECT_DIR)/lib/x264/lib",
					"$(PROJECT_DIR)/lib/**",
				);
				PRODUCT_BUNDLE_IDENTIFIER = com.backendless.myClientelePushNotify;
				PRODUCT_NAME = "$(TARGET_NAME)";
				SWIFT_OBJC_BRIDGING_HEADER = "$(PROJECT_DIR)/lib/backendless/include/Backendless-With-Media-Bridging-Header.h";
			};
			name = Debug;
		};
		C5D7718C1CE2B42C00DB849B /* Release */ = {
			isa = XCBuildConfiguration;
			baseConfigurationReference = E073C04FD664E7A42FCB3FC5 /* Pods.release.xcconfig */;
			buildSettings = {
				ASSETCATALOG_COMPILER_APPICON_NAME = AppIcon;
				INFOPLIST_FILE = myClientele/Info.plist;
				LD_RUNPATH_SEARCH_PATHS = "$(inherited) @executable_path/Frameworks";
				LIBRARY_SEARCH_PATHS = (
					"$(inherited)",
					"$(PROJECT_DIR)/lib/backendless",
					"$(PROJECT_DIR)/lib/CommLibiOS",
					"$(PROJECT_DIR)/lib/libav-11.4/lib",
					"$(PROJECT_DIR)/lib/MediaLibiOS3x",
					"$(PROJECT_DIR)/lib/speex-1.2rc2/lib",
					"$(PROJECT_DIR)/lib/x264/lib",
					"$(PROJECT_DIR)/lib/**",
				);
				PRODUCT_BUNDLE_IDENTIFIER = com.backendless.myClientelePushNotify;
				PRODUCT_NAME = "$(TARGET_NAME)";
				SWIFT_OBJC_BRIDGING_HEADER = "$(PROJECT_DIR)/lib/backendless/include/Backendless-With-Media-Bridging-Header.h";
			};
			name = Release;
		};
		C5D7718E1CE2B42C00DB849B /* Debug */ = {
			isa = XCBuildConfiguration;
			buildSettings = {
				BUNDLE_LOADER = "$(TEST_HOST)";
				INFOPLIST_FILE = myClienteleTests/Info.plist;
				LD_RUNPATH_SEARCH_PATHS = "$(inherited) @executable_path/Frameworks @loader_path/Frameworks";
				LIBRARY_SEARCH_PATHS = (
					"$(inherited)",
					"$(PROJECT_DIR)/lib/backendless",
				);
				PRODUCT_BUNDLE_IDENTIFIER = com.oakware.myClienteleTests;
				PRODUCT_NAME = "$(TARGET_NAME)";
				TEST_HOST = "$(BUILT_PRODUCTS_DIR)/myClientele.app/myClientele";
			};
			name = Debug;
		};
		C5D7718F1CE2B42C00DB849B /* Release */ = {
			isa = XCBuildConfiguration;
			buildSettings = {
				BUNDLE_LOADER = "$(TEST_HOST)";
				INFOPLIST_FILE = myClienteleTests/Info.plist;
				LD_RUNPATH_SEARCH_PATHS = "$(inherited) @executable_path/Frameworks @loader_path/Frameworks";
				LIBRARY_SEARCH_PATHS = (
					"$(inherited)",
					"$(PROJECT_DIR)/lib/backendless",
				);
				PRODUCT_BUNDLE_IDENTIFIER = com.oakware.myClienteleTests;
				PRODUCT_NAME = "$(TARGET_NAME)";
				TEST_HOST = "$(BUILT_PRODUCTS_DIR)/myClientele.app/myClientele";
			};
			name = Release;
		};
		C5D771911CE2B42C00DB849B /* Debug */ = {
			isa = XCBuildConfiguration;
			buildSettings = {
				INFOPLIST_FILE = myClienteleUITests/Info.plist;
				LD_RUNPATH_SEARCH_PATHS = "$(inherited) @executable_path/Frameworks @loader_path/Frameworks";
				LIBRARY_SEARCH_PATHS = (
					"$(inherited)",
					"$(PROJECT_DIR)/lib/backendless",
				);
				PRODUCT_BUNDLE_IDENTIFIER = com.oakware.myClienteleUITests;
				PRODUCT_NAME = "$(TARGET_NAME)";
				TEST_TARGET_NAME = myClientele;
			};
			name = Debug;
		};
		C5D771921CE2B42C00DB849B /* Release */ = {
			isa = XCBuildConfiguration;
			buildSettings = {
				INFOPLIST_FILE = myClienteleUITests/Info.plist;
				LD_RUNPATH_SEARCH_PATHS = "$(inherited) @executable_path/Frameworks @loader_path/Frameworks";
				LIBRARY_SEARCH_PATHS = (
					"$(inherited)",
					"$(PROJECT_DIR)/lib/backendless",
				);
				PRODUCT_BUNDLE_IDENTIFIER = com.oakware.myClienteleUITests;
				PRODUCT_NAME = "$(TARGET_NAME)";
				TEST_TARGET_NAME = myClientele;
			};
			name = Release;
		};
/* End XCBuildConfiguration section */

/* Begin XCConfigurationList section */
		C5D7715A1CE2B42C00DB849B /* Build configuration list for PBXProject "myClientele" */ = {
			isa = XCConfigurationList;
			buildConfigurations = (
				C5D771881CE2B42C00DB849B /* Debug */,
				C5D771891CE2B42C00DB849B /* Release */,
			);
			defaultConfigurationIsVisible = 0;
			defaultConfigurationName = Release;
		};
		C5D7718A1CE2B42C00DB849B /* Build configuration list for PBXNativeTarget "myClientele" */ = {
			isa = XCConfigurationList;
			buildConfigurations = (
				C5D7718B1CE2B42C00DB849B /* Debug */,
				C5D7718C1CE2B42C00DB849B /* Release */,
			);
			defaultConfigurationIsVisible = 0;
			defaultConfigurationName = Release;
		};
		C5D7718D1CE2B42C00DB849B /* Build configuration list for PBXNativeTarget "myClienteleTests" */ = {
			isa = XCConfigurationList;
			buildConfigurations = (
				C5D7718E1CE2B42C00DB849B /* Debug */,
				C5D7718F1CE2B42C00DB849B /* Release */,
			);
			defaultConfigurationIsVisible = 0;
			defaultConfigurationName = Release;
		};
		C5D771901CE2B42C00DB849B /* Build configuration list for PBXNativeTarget "myClienteleUITests" */ = {
			isa = XCConfigurationList;
			buildConfigurations = (
				C5D771911CE2B42C00DB849B /* Debug */,
				C5D771921CE2B42C00DB849B /* Release */,
			);
			defaultConfigurationIsVisible = 0;
			defaultConfigurationName = Release;
		};
/* End XCConfigurationList section */

/* Begin XCVersionGroup section */
		C5D771691CE2B42C00DB849B /* myClientele.xcdatamodeld */ = {
			isa = XCVersionGroup;
			children = (
				C5D7716A1CE2B42C00DB849B /* myClientele.xcdatamodel */,
			);
			currentVersion = C5D7716A1CE2B42C00DB849B /* myClientele.xcdatamodel */;
			path = myClientele.xcdatamodeld;
			sourceTree = "<group>";
			versionGroupType = wrapper.xcdatamodel;
		};
/* End XCVersionGroup section */
	};
	rootObject = C5D771571CE2B42C00DB849B /* Project object */;
}
